PODS:
  - ARTZecoToolKit (0.1.0):
    - SmartCodable
    - SnapKit
    - YYWebImage
  - SmartCodable (4.1.1)
  - SnapKit (5.7.1)
  - YYCache (1.0.4)
  - YYImage (1.0.4):
    - YYImage/Core (= 1.0.4)
  - YYImage/Core (1.0.4)
  - YYWebImage (1.0.5):
    - YYCache
    - YYImage

DEPENDENCIES:
  - ARTZecoToolKit (from `../`)

SPEC REPOS:
  trunk:
    - SmartCodable
    - SnapKit
    - YYCache
    - YYImage
    - YYWebImage

EXTERNAL SOURCES:
  ARTZecoToolKit:
    :path: "../"

SPEC CHECKSUMS:
  ARTZecoToolKit: 581f4a5e2f28de1bf2b794e6003a2eaf0faae07b
  SmartCodable: 092fd8c698dc958fc95e1d93baf3b497f9ab1715
  SnapKit: d612e99e678a2d3b95bf60b0705ed0a35c03484a
  YYCache: 8105b6638f5e849296c71f331ff83891a4942952
  YYImage: 1e1b62a9997399593e4b9c4ecfbbabbf1d3f3b54
  YYWebImage: 5f7f36aee2ae293f016d418c7d6ba05c4863e928

PODFILE CHECKSUM: e42b632d9da101dc1ff28202d40e5a5c26042761

COCOAPODS: 1.14.3
