// !$*UTF8*$!
{
	archiveVersion = 1;
	classes = {
	};
	objectVersion = 46;
	objects = {

/* Begin PBXBuildFile section */
		0222B4432C35A9F600FA82B7 /* ARTViewController_StartRating.swift in Sources */ = {isa = PBXBuildFile; fileRef = 0222B4422C35A9F600FA82B7 /* ARTViewController_StartRating.swift */; };
		0235E28F2C794B30003DEFA8 /* portrait.jpg in Resources */ = {isa = PBXBuildFile; fileRef = 0235E28E2C794B30003DEFA8 /* portrait.jpg */; };
		023F976D2C32F5A1009CD62B /* ARTViewController_AlertView.swift in Sources */ = {isa = PBXBuildFile; fileRef = 023F976C2C32F5A1009CD62B /* ARTViewController_AlertView.swift */; };
		0242B1912D69E58200E45B5F /* ARTPagView.swift in Sources */ = {isa = PBXBuildFile; fileRef = 0242B1902D69E58200E45B5F /* ARTPagView.swift */; };
		024F9A4F2C456D50008DF3AB /* ARTViewController_PhotoBrowser.swift in Sources */ = {isa = PBXBuildFile; fileRef = 024F9A4E2C456D50008DF3AB /* ARTViewController_PhotoBrowser.swift */; };
		0250693E2D01BEE9009637ED /* zeco-test.html in Resources */ = {isa = PBXBuildFile; fileRef = 0250693D2D01BEE9009637ED /* zeco-test.html */; };
		0258B7AB2BFA845800AEB349 /* 3.png in Resources */ = {isa = PBXBuildFile; fileRef = 0258B7A82BFA845800AEB349 /* 3.png */; };
		0258B7AC2BFA845800AEB349 /* 4.png in Resources */ = {isa = PBXBuildFile; fileRef = 0258B7A92BFA845800AEB349 /* 4.png */; };
		0258B7AD2BFA845800AEB349 /* 5.png in Resources */ = {isa = PBXBuildFile; fileRef = 0258B7AA2BFA845800AEB349 /* 5.png */; };
		0258B7AF2BFA851400AEB349 /* ARTViewController_VideoPlayer.swift in Sources */ = {isa = PBXBuildFile; fileRef = 0258B7AE2BFA851400AEB349 /* ARTViewController_VideoPlayer.swift */; };
		0258CA9E2C03995300A486E7 /* ARTViewController_PageViewController.swift in Sources */ = {isa = PBXBuildFile; fileRef = 0258CA9D2C03995300A486E7 /* ARTViewController_PageViewController.swift */; };
		025AF79B2CEBE271009643E2 /* ARTViewController+DanmakuView.swift in Sources */ = {isa = PBXBuildFile; fileRef = 025AF79A2CEBE271009643E2 /* ARTViewController+DanmakuView.swift */; };
		025D29312D1046470022FA6E /* ARTVideoPlayerEnhancedWrapperViewDelegate.swift in Sources */ = {isa = PBXBuildFile; fileRef = 025D292F2D1046470022FA6E /* ARTVideoPlayerEnhancedWrapperViewDelegate.swift */; };
		025D29322D1046470022FA6E /* ARTVideoPlayerEnhancedWrapperView.swift in Sources */ = {isa = PBXBuildFile; fileRef = 025D292D2D1046470022FA6E /* ARTVideoPlayerEnhancedWrapperView.swift */; };
		025D29332D1046470022FA6E /* ARTVideoPlayerEnhancedWrapperView+DelegateImplementations.swift in Sources */ = {isa = PBXBuildFile; fileRef = 025D292E2D1046470022FA6E /* ARTVideoPlayerEnhancedWrapperView+DelegateImplementations.swift */; };
		025D29662D1096930022FA6E /* ARTVideoPlayerLandscapeFullscreenBottombar.swift in Sources */ = {isa = PBXBuildFile; fileRef = 025D29542D1096930022FA6E /* ARTVideoPlayerLandscapeFullscreenBottombar.swift */; };
		025D29672D1096930022FA6E /* ARTVideoPlayerBottombar.swift in Sources */ = {isa = PBXBuildFile; fileRef = 025D29582D1096930022FA6E /* ARTVideoPlayerBottombar.swift */; };
		025D29682D1096930022FA6E /* ARTVideoPlayerSlider.swift in Sources */ = {isa = PBXBuildFile; fileRef = 025D295A2D1096930022FA6E /* ARTVideoPlayerSlider.swift */; };
		025D29692D1096930022FA6E /* ARTVideoPlayerPortraitFullscreenBottombar.swift in Sources */ = {isa = PBXBuildFile; fileRef = 025D29552D1096930022FA6E /* ARTVideoPlayerPortraitFullscreenBottombar.swift */; };
		025D296A2D1096930022FA6E /* ARTVideoPlayerWindowTopbar.swift in Sources */ = {isa = PBXBuildFile; fileRef = 025D295E2D1096930022FA6E /* ARTVideoPlayerWindowTopbar.swift */; };
		025D296B2D1096930022FA6E /* ARTVideoPlayerControlsViewDelegate.swift in Sources */ = {isa = PBXBuildFile; fileRef = 025D29642D1096930022FA6E /* ARTVideoPlayerControlsViewDelegate.swift */; };
		025D296C2D1096930022FA6E /* ARTVideoPlayerControlsView.swift in Sources */ = {isa = PBXBuildFile; fileRef = 025D29622D1096930022FA6E /* ARTVideoPlayerControlsView.swift */; };
		025D296D2D1096930022FA6E /* ARTVideoPlayerWindowBottombar.swift in Sources */ = {isa = PBXBuildFile; fileRef = 025D29562D1096930022FA6E /* ARTVideoPlayerWindowBottombar.swift */; };
		025D296E2D1096930022FA6E /* ARTVideoPlayerPortraitFullscreenTopbar.swift in Sources */ = {isa = PBXBuildFile; fileRef = 025D295D2D1096930022FA6E /* ARTVideoPlayerPortraitFullscreenTopbar.swift */; };
		025D296F2D1096930022FA6E /* ARTVideoPlayerControlsView+DelegateImplementations.swift in Sources */ = {isa = PBXBuildFile; fileRef = 025D29632D1096930022FA6E /* ARTVideoPlayerControlsView+DelegateImplementations.swift */; };
		025D29702D1096930022FA6E /* ARTVideoPlayerLandscapeFullscreenTopbar.swift in Sources */ = {isa = PBXBuildFile; fileRef = 025D295C2D1096930022FA6E /* ARTVideoPlayerLandscapeFullscreenTopbar.swift */; };
		025D29712D1096930022FA6E /* ARTVideoPlayerTopbar.swift in Sources */ = {isa = PBXBuildFile; fileRef = 025D29602D1096930022FA6E /* ARTVideoPlayerTopbar.swift */; };
		025D29982C48459D00F611D6 /* ARTViewController_Carousel.swift in Sources */ = {isa = PBXBuildFile; fileRef = 025D29972C48459D00F611D6 /* ARTViewController_Carousel.swift */; };
		025D29A12D10BF710022FA6E /* ARTVideoPlayerPortraitShareView.swift in Sources */ = {isa = PBXBuildFile; fileRef = 025D29992D10BF710022FA6E /* ARTVideoPlayerPortraitShareView.swift */; };
		025D29A22D10BF710022FA6E /* ARTVideoPlayerLandscapeSlidingView.swift in Sources */ = {isa = PBXBuildFile; fileRef = 025D29892D10BF710022FA6E /* ARTVideoPlayerLandscapeSlidingView.swift */; };
		025D29A32D10BF710022FA6E /* ARTVideoPlayerLoadingView.swift in Sources */ = {isa = PBXBuildFile; fileRef = 025D298B2D10BF710022FA6E /* ARTVideoPlayerLoadingView.swift */; };
		025D29A52D10BF710022FA6E /* ARTVideoPlayerPortraitBarrageView.swift in Sources */ = {isa = PBXBuildFile; fileRef = 025D29912D10BF710022FA6E /* ARTVideoPlayerPortraitBarrageView.swift */; };
		025D29A62D10BF710022FA6E /* ARTVideoPlayerOverlayView.swift in Sources */ = {isa = PBXBuildFile; fileRef = 025D29742D10BF710022FA6E /* ARTVideoPlayerOverlayView.swift */; };
		025D29A82D10BF710022FA6E /* ARTVideoPlayerPortraitDanmakuView.swift in Sources */ = {isa = PBXBuildFile; fileRef = 025D299B2D10BF710022FA6E /* ARTVideoPlayerPortraitDanmakuView.swift */; };
		025D29A92D10BF710022FA6E /* ARTVideoPlayerPortraitBarrageHeader.swift in Sources */ = {isa = PBXBuildFile; fileRef = 025D298F2D10BF710022FA6E /* ARTVideoPlayerPortraitBarrageHeader.swift */; };
		025D29AA2D10BF710022FA6E /* ARTVideoPlayerPortraitSlidingView.swift in Sources */ = {isa = PBXBuildFile; fileRef = 025D299D2D10BF710022FA6E /* ARTVideoPlayerPortraitSlidingView.swift */; };
		025D29AB2D10BF710022FA6E /* ARTVideoPlayerLandscapeDanmakuView+CollectionView.swift in Sources */ = {isa = PBXBuildFile; fileRef = 025D29822D10BF710022FA6E /* ARTVideoPlayerLandscapeDanmakuView+CollectionView.swift */; };
		025D29AC2D10BF710022FA6E /* ARTVideoPlayerLandscapePlaybackRateView+CollectionView.swift in Sources */ = {isa = PBXBuildFile; fileRef = 025D29872D10BF710022FA6E /* ARTVideoPlayerLandscapePlaybackRateView+CollectionView.swift */; };
		025D29AD2D10BF710022FA6E /* ARTVideoPlayerPortraitShareHeader.swift in Sources */ = {isa = PBXBuildFile; fileRef = 025D29972D10BF710022FA6E /* ARTVideoPlayerPortraitShareHeader.swift */; };
		025D29AE2D10BF710022FA6E /* ARTVideoPlayerLandscapePlaybackRateView.swift in Sources */ = {isa = PBXBuildFile; fileRef = 025D29862D10BF710022FA6E /* ARTVideoPlayerLandscapePlaybackRateView.swift */; };
		025D29AF2D10BF710022FA6E /* ARTVideoPlayerDisplayView.swift in Sources */ = {isa = PBXBuildFile; fileRef = 025D29792D10BF710022FA6E /* ARTVideoPlayerDisplayView.swift */; };
		025D29B02D10BF710022FA6E /* ARTVideoPlayerPortraitShareEntity.swift in Sources */ = {isa = PBXBuildFile; fileRef = 025D29952D10BF710022FA6E /* ARTVideoPlayerPortraitShareEntity.swift */; };
		025D29B22D10BF710022FA6E /* ARTVideoPlayerPortraitShareCell.swift in Sources */ = {isa = PBXBuildFile; fileRef = 025D29932D10BF710022FA6E /* ARTVideoPlayerPortraitShareCell.swift */; };
		025D29B32D10BF710022FA6E /* ARTVideoPlayerPortraitBarrageCell.swift in Sources */ = {isa = PBXBuildFile; fileRef = 025D298D2D10BF710022FA6E /* ARTVideoPlayerPortraitBarrageCell.swift */; };
		025D29B42D10BF710022FA6E /* ARTVideoPlayerSlidingViewDelegate.swift in Sources */ = {isa = PBXBuildFile; fileRef = 025D299F2D10BF710022FA6E /* ARTVideoPlayerSlidingViewDelegate.swift */; };
		025D29B52D10BF710022FA6E /* ARTVideoPlayerSystemControls.swift in Sources */ = {isa = PBXBuildFile; fileRef = 025D297B2D10BF710022FA6E /* ARTVideoPlayerSystemControls.swift */; };
		025D29B62D10BF710022FA6E /* ARTVideoPlayerLandscapeDanmakuCell.swift in Sources */ = {isa = PBXBuildFile; fileRef = 025D297D2D10BF710022FA6E /* ARTVideoPlayerLandscapeDanmakuCell.swift */; };
		025D29B72D10BF710022FA6E /* ARTVideoPlayerLandscapePlaybackRateCell.swift in Sources */ = {isa = PBXBuildFile; fileRef = 025D29842D10BF710022FA6E /* ARTVideoPlayerLandscapePlaybackRateCell.swift */; };
		025D29B82D10BF710022FA6E /* ARTVideoPlayerLandscapeDanmakuView.swift in Sources */ = {isa = PBXBuildFile; fileRef = 025D29812D10BF710022FA6E /* ARTVideoPlayerLandscapeDanmakuView.swift */; };
		025D29B92D10BF710022FA6E /* ARTVideoPlayerGeneralDanmakuEntity.swift in Sources */ = {isa = PBXBuildFile; fileRef = 025D297F2D10BF710022FA6E /* ARTVideoPlayerGeneralDanmakuEntity.swift */; };
		026A7B6C2C3431AE00D3134E /* ARTViewController_ActionSheet.swift in Sources */ = {isa = PBXBuildFile; fileRef = 026A7B6B2C3431AE00D3134E /* ARTViewController_ActionSheet.swift */; };
		0282385F2BFDA517007B6A25 /* ARTViewController_AlignmentButton.swift in Sources */ = {isa = PBXBuildFile; fileRef = 0282385E2BFDA517007B6A25 /* ARTViewController_AlignmentButton.swift */; };
		0292ECA72C733B7A00D08248 /* ARTViewController+WebView.swift in Sources */ = {isa = PBXBuildFile; fileRef = 0292ECA62C733B7A00D08248 /* ARTViewController+WebView.swift */; };
		02A375A52CC5588800248BBC /* SourceHanSansCN-Heavy.otf in Resources */ = {isa = PBXBuildFile; fileRef = 02A375A42CC5588800248BBC /* SourceHanSansCN-Heavy.otf */; };
		02A375A62CC5588800248BBC /* DINPro-Medium.ttf in Resources */ = {isa = PBXBuildFile; fileRef = 02A375A22CC5588800248BBC /* DINPro-Medium.ttf */; };
		02A375A72CC5588800248BBC /* DINCond-Bold.otf in Resources */ = {isa = PBXBuildFile; fileRef = 02A375A02CC5588800248BBC /* DINCond-Bold.otf */; };
		02A375A82CC5588800248BBC /* DINPro-Light.ttf in Resources */ = {isa = PBXBuildFile; fileRef = 02A375A12CC5588800248BBC /* DINPro-Light.ttf */; };
		02A375A92CC5588800248BBC /* DINPro-Regular.otf in Resources */ = {isa = PBXBuildFile; fileRef = 02A375A32CC5588800248BBC /* DINPro-Regular.otf */; };
		02AB41062D7C85760023B638 /* ARTVideoPlayerControlsViewEnums.swift in Sources */ = {isa = PBXBuildFile; fileRef = 02AB41052D7C85760023B638 /* ARTVideoPlayerControlsViewEnums.swift */; };
		02AB41082D7C8BDE0023B638 /* ARTViewController_VideoPlayer+DelegateImplementations.swift in Sources */ = {isa = PBXBuildFile; fileRef = 02AB41072D7C8BDE0023B638 /* ARTViewController_VideoPlayer+DelegateImplementations.swift */; };
		02B4908B2C8AEA4C007F379A /* county.json in Resources */ = {isa = PBXBuildFile; fileRef = 02B490872C8AEA4C007F379A /* county.json */; };
		02B4908C2C8AEA4C007F379A /* city.json in Resources */ = {isa = PBXBuildFile; fileRef = 02B490882C8AEA4C007F379A /* city.json */; };
		02B4908D2C8AEA4C007F379A /* province.json in Resources */ = {isa = PBXBuildFile; fileRef = 02B490892C8AEA4C007F379A /* province.json */; };
		02B4908E2C8AEA4C007F379A /* street.json in Resources */ = {isa = PBXBuildFile; fileRef = 02B4908A2C8AEA4C007F379A /* street.json */; };
		02BE325C2CC9C9DC00F25937 /* video.MP4 in Resources */ = {isa = PBXBuildFile; fileRef = 02BE325B2CC9C9DC00F25937 /* video.MP4 */; };
		02D1BCC72D0AF8ED0075BF64 /* video_loading.pag in Resources */ = {isa = PBXBuildFile; fileRef = 02D1BCC62D0AF8ED0075BF64 /* video_loading.pag */; };
		02E1AF422D6B7F5E00C5531B /* ARTVideoPlayerLandscapeChaptersView+CollectionView.swift in Sources */ = {isa = PBXBuildFile; fileRef = 02E1AF402D6B7F5E00C5531B /* ARTVideoPlayerLandscapeChaptersView+CollectionView.swift */; };
		02E1AF432D6B7F5E00C5531B /* ARTVideoPlayerLandscapeChaptersCell.swift in Sources */ = {isa = PBXBuildFile; fileRef = 02E1AF3D2D6B7F5E00C5531B /* ARTVideoPlayerLandscapeChaptersCell.swift */; };
		02E1AF442D6B7F5E00C5531B /* ARTVideoPlayerLandscapeChaptersView.swift in Sources */ = {isa = PBXBuildFile; fileRef = 02E1AF3F2D6B7F5E00C5531B /* ARTVideoPlayerLandscapeChaptersView.swift */; };
		02E984702D08C8000052C36A /* ARTWebCustomViewController.swift in Sources */ = {isa = PBXBuildFile; fileRef = 02E9846D2D08C8000052C36A /* ARTWebCustomViewController.swift */; };
		02E984712D08C8000052C36A /* ARTEnhancedDanmakuCell.swift in Sources */ = {isa = PBXBuildFile; fileRef = 02E984662D08C8000052C36A /* ARTEnhancedDanmakuCell.swift */; };
		02E984722D08C8000052C36A /* ARTCollectionViewModel.swift in Sources */ = {isa = PBXBuildFile; fileRef = 02E984632D08C8000052C36A /* ARTCollectionViewModel.swift */; };
		02E984732D08C8000052C36A /* ARTCollectionCell.swift in Sources */ = {isa = PBXBuildFile; fileRef = 02E9845C2D08C8000052C36A /* ARTCollectionCell.swift */; };
		02E984742D08C8000052C36A /* ARTSecondCarouselCell.swift in Sources */ = {isa = PBXBuildFile; fileRef = 02E984532D08C8000052C36A /* ARTSecondCarouselCell.swift */; };
		02E984752D08C8000052C36A /* ARTBaseViewController.swift in Sources */ = {isa = PBXBuildFile; fileRef = 02E984502D08C8000052C36A /* ARTBaseViewController.swift */; };
		02E984762D08C8000052C36A /* ARTCarouselEntity.swift in Sources */ = {isa = PBXBuildFile; fileRef = 02E984552D08C8000052C36A /* ARTCarouselEntity.swift */; };
		02E984772D08C8000052C36A /* ARTViewController+CollectionView.swift in Sources */ = {isa = PBXBuildFile; fileRef = 02E984612D08C8000052C36A /* ARTViewController+CollectionView.swift */; };
		02E984782D08C8000052C36A /* ARTBaseNavigationController.swift in Sources */ = {isa = PBXBuildFile; fileRef = 02E9844E2D08C8000052C36A /* ARTBaseNavigationController.swift */; };
		02E984792D08C8000052C36A /* ARTControllerNavigationBar.swift in Sources */ = {isa = PBXBuildFile; fileRef = 02E9846A2D08C8000052C36A /* ARTControllerNavigationBar.swift */; };
		02E9847A2D08C8000052C36A /* ARTCollectionFooter.swift in Sources */ = {isa = PBXBuildFile; fileRef = 02E9845E2D08C8000052C36A /* ARTCollectionFooter.swift */; };
		02E9847B2D08C8000052C36A /* ARTCollectionHeader.swift in Sources */ = {isa = PBXBuildFile; fileRef = 02E9845F2D08C8000052C36A /* ARTCollectionHeader.swift */; };
		02E9847C2D08C8000052C36A /* ARTCollectionEntity.swift in Sources */ = {isa = PBXBuildFile; fileRef = 02E984582D08C8000052C36A /* ARTCollectionEntity.swift */; };
		02E9847D2D08C8000052C36A /* CollectionSectionProtocol.swift in Sources */ = {isa = PBXBuildFile; fileRef = 02E9845A2D08C8000052C36A /* CollectionSectionProtocol.swift */; };
		02E9847E2D08C8000052C36A /* ARTFirstCarouselCell.swift in Sources */ = {isa = PBXBuildFile; fileRef = 02E984522D08C8000052C36A /* ARTFirstCarouselCell.swift */; };
		02E9847F2D08C8000052C36A /* ARTControllerBottomBar.swift in Sources */ = {isa = PBXBuildFile; fileRef = 02E984682D08C8000052C36A /* ARTControllerBottomBar.swift */; };
		02E984802D08C8000052C36A /* ARTBaseTabBarController.swift in Sources */ = {isa = PBXBuildFile; fileRef = 02E9844F2D08C8000052C36A /* ARTBaseTabBarController.swift */; };
		02EC99432D6E304B00D040D3 /* RickAstley.mp4 in Resources */ = {isa = PBXBuildFile; fileRef = 02EC99422D6E304B00D040D3 /* RickAstley.mp4 */; };
		02F8AE2B2BF66B3E00A111F6 /* 0.png in Resources */ = {isa = PBXBuildFile; fileRef = 02F8AE262BF66B3D00A111F6 /* 0.png */; };
		02F8AE2C2BF66B3E00A111F6 /* 2.png in Resources */ = {isa = PBXBuildFile; fileRef = 02F8AE272BF66B3D00A111F6 /* 2.png */; };
		02F8AE2D2BF66B3E00A111F6 /* 1.png in Resources */ = {isa = PBXBuildFile; fileRef = 02F8AE282BF66B3D00A111F6 /* 1.png */; };
		02F8AE2E2BF66B3E00A111F6 /* area_format_user.json in Resources */ = {isa = PBXBuildFile; fileRef = 02F8AE292BF66B3E00A111F6 /* area_format_user.json */; };
		02F8AE2F2BF66B3E00A111F6 /* hot_area_format_user.json in Resources */ = {isa = PBXBuildFile; fileRef = 02F8AE2A2BF66B3E00A111F6 /* hot_area_format_user.json */; };
		02F8AE4C2BF67E7E00A111F6 /* ARTViewController_CitySelector.swift in Sources */ = {isa = PBXBuildFile; fileRef = 02F8AE422BF67E7E00A111F6 /* ARTViewController_CitySelector.swift */; };
		02F8AE4E2BF67E7E00A111F6 /* ARTViewController_CollectionView.swift in Sources */ = {isa = PBXBuildFile; fileRef = 02F8AE442BF67E7E00A111F6 /* ARTViewController_CollectionView.swift */; };
		02F8AE4F2BF67E7E00A111F6 /* ARTViewController_SlidePopup.swift in Sources */ = {isa = PBXBuildFile; fileRef = 02F8AE452BF67E7E00A111F6 /* ARTViewController_SlidePopup.swift */; };
		02F8AE502BF67E7E00A111F6 /* ARTViewController_ScrollView.swift in Sources */ = {isa = PBXBuildFile; fileRef = 02F8AE462BF67E7E00A111F6 /* ARTViewController_ScrollView.swift */; };
		02F8AE512BF67E7E00A111F6 /* ARTViewController_AlertController.swift in Sources */ = {isa = PBXBuildFile; fileRef = 02F8AE472BF67E7E00A111F6 /* ARTViewController_AlertController.swift */; };
		02F8AE532BF67E7E00A111F6 /* ARTViewController_Quantity.swift in Sources */ = {isa = PBXBuildFile; fileRef = 02F8AE492BF67E7E00A111F6 /* ARTViewController_Quantity.swift */; };
		02F8AE542BF67E7E00A111F6 /* ARTViewController_Debug.swift in Sources */ = {isa = PBXBuildFile; fileRef = 02F8AE4A2BF67E7E00A111F6 /* ARTViewController_Debug.swift */; };
		02F8AE552BF67E7E00A111F6 /* ARTViewController_SlideBar.swift in Sources */ = {isa = PBXBuildFile; fileRef = 02F8AE4B2BF67E7E00A111F6 /* ARTViewController_SlideBar.swift */; };
		02FC53422CF1B25E009794A4 /* privacy-policy.html in Resources */ = {isa = PBXBuildFile; fileRef = 02FC53412CF1B25E009794A4 /* privacy-policy.html */; };
		607FACD61AFB9204008FA782 /* AppDelegate.swift in Sources */ = {isa = PBXBuildFile; fileRef = 607FACD51AFB9204008FA782 /* AppDelegate.swift */; };
		607FACDD1AFB9204008FA782 /* Images.xcassets in Resources */ = {isa = PBXBuildFile; fileRef = 607FACDC1AFB9204008FA782 /* Images.xcassets */; };
		607FACE01AFB9204008FA782 /* LaunchScreen.xib in Resources */ = {isa = PBXBuildFile; fileRef = 607FACDE1AFB9204008FA782 /* LaunchScreen.xib */; };
		607FACEC1AFB9204008FA782 /* Tests.swift in Sources */ = {isa = PBXBuildFile; fileRef = 607FACEB1AFB9204008FA782 /* Tests.swift */; };
		BC8CBDE46972C8FF23B47DF8 /* Pods_ARTZecoToolKit_Example.framework in Frameworks */ = {isa = PBXBuildFile; fileRef = 93254949C2F77EC4627A0C8B /* Pods_ARTZecoToolKit_Example.framework */; };
		F812B962E7A952147B6000F6 /* Pods_ARTZecoToolKit_Tests.framework in Frameworks */ = {isa = PBXBuildFile; fileRef = 5D429E006CEEC3DDCA4A8053 /* Pods_ARTZecoToolKit_Tests.framework */; };
/* End PBXBuildFile section */

/* Begin PBXContainerItemProxy section */
		607FACE61AFB9204008FA782 /* PBXContainerItemProxy */ = {
			isa = PBXContainerItemProxy;
			containerPortal = 607FACC81AFB9204008FA782 /* Project object */;
			proxyType = 1;
			remoteGlobalIDString = 607FACCF1AFB9204008FA782;
			remoteInfo = ARTZecoToolKit;
		};
/* End PBXContainerItemProxy section */

/* Begin PBXFileReference section */
		0222B4422C35A9F600FA82B7 /* ARTViewController_StartRating.swift */ = {isa = PBXFileReference; lastKnownFileType = sourcecode.swift; path = ARTViewController_StartRating.swift; sourceTree = "<group>"; };
		0235E28E2C794B30003DEFA8 /* portrait.jpg */ = {isa = PBXFileReference; lastKnownFileType = image.jpeg; path = portrait.jpg; sourceTree = "<group>"; };
		023F976C2C32F5A1009CD62B /* ARTViewController_AlertView.swift */ = {isa = PBXFileReference; lastKnownFileType = sourcecode.swift; path = ARTViewController_AlertView.swift; sourceTree = "<group>"; };
		0242B1902D69E58200E45B5F /* ARTPagView.swift */ = {isa = PBXFileReference; lastKnownFileType = sourcecode.swift; path = ARTPagView.swift; sourceTree = "<group>"; };
		024F9A4E2C456D50008DF3AB /* ARTViewController_PhotoBrowser.swift */ = {isa = PBXFileReference; lastKnownFileType = sourcecode.swift; path = ARTViewController_PhotoBrowser.swift; sourceTree = "<group>"; };
		0250693D2D01BEE9009637ED /* zeco-test.html */ = {isa = PBXFileReference; lastKnownFileType = text.html; path = "zeco-test.html"; sourceTree = "<group>"; };
		0258B7A82BFA845800AEB349 /* 3.png */ = {isa = PBXFileReference; lastKnownFileType = image.png; path = 3.png; sourceTree = "<group>"; };
		0258B7A92BFA845800AEB349 /* 4.png */ = {isa = PBXFileReference; lastKnownFileType = image.png; path = 4.png; sourceTree = "<group>"; };
		0258B7AA2BFA845800AEB349 /* 5.png */ = {isa = PBXFileReference; lastKnownFileType = image.png; path = 5.png; sourceTree = "<group>"; };
		0258B7AE2BFA851400AEB349 /* ARTViewController_VideoPlayer.swift */ = {isa = PBXFileReference; lastKnownFileType = sourcecode.swift; path = ARTViewController_VideoPlayer.swift; sourceTree = "<group>"; };
		0258CA9D2C03995300A486E7 /* ARTViewController_PageViewController.swift */ = {isa = PBXFileReference; lastKnownFileType = sourcecode.swift; path = ARTViewController_PageViewController.swift; sourceTree = "<group>"; };
		025AF79A2CEBE271009643E2 /* ARTViewController+DanmakuView.swift */ = {isa = PBXFileReference; lastKnownFileType = sourcecode.swift; path = "ARTViewController+DanmakuView.swift"; sourceTree = "<group>"; };
		025D292D2D1046470022FA6E /* ARTVideoPlayerEnhancedWrapperView.swift */ = {isa = PBXFileReference; lastKnownFileType = sourcecode.swift; path = ARTVideoPlayerEnhancedWrapperView.swift; sourceTree = "<group>"; };
		025D292E2D1046470022FA6E /* ARTVideoPlayerEnhancedWrapperView+DelegateImplementations.swift */ = {isa = PBXFileReference; lastKnownFileType = sourcecode.swift; path = "ARTVideoPlayerEnhancedWrapperView+DelegateImplementations.swift"; sourceTree = "<group>"; };
		025D292F2D1046470022FA6E /* ARTVideoPlayerEnhancedWrapperViewDelegate.swift */ = {isa = PBXFileReference; lastKnownFileType = sourcecode.swift; path = ARTVideoPlayerEnhancedWrapperViewDelegate.swift; sourceTree = "<group>"; };
		025D29542D1096930022FA6E /* ARTVideoPlayerLandscapeFullscreenBottombar.swift */ = {isa = PBXFileReference; lastKnownFileType = sourcecode.swift; path = ARTVideoPlayerLandscapeFullscreenBottombar.swift; sourceTree = "<group>"; };
		025D29552D1096930022FA6E /* ARTVideoPlayerPortraitFullscreenBottombar.swift */ = {isa = PBXFileReference; lastKnownFileType = sourcecode.swift; path = ARTVideoPlayerPortraitFullscreenBottombar.swift; sourceTree = "<group>"; };
		025D29562D1096930022FA6E /* ARTVideoPlayerWindowBottombar.swift */ = {isa = PBXFileReference; lastKnownFileType = sourcecode.swift; path = ARTVideoPlayerWindowBottombar.swift; sourceTree = "<group>"; };
		025D29582D1096930022FA6E /* ARTVideoPlayerBottombar.swift */ = {isa = PBXFileReference; lastKnownFileType = sourcecode.swift; path = ARTVideoPlayerBottombar.swift; sourceTree = "<group>"; };
		025D295A2D1096930022FA6E /* ARTVideoPlayerSlider.swift */ = {isa = PBXFileReference; lastKnownFileType = sourcecode.swift; path = ARTVideoPlayerSlider.swift; sourceTree = "<group>"; };
		025D295C2D1096930022FA6E /* ARTVideoPlayerLandscapeFullscreenTopbar.swift */ = {isa = PBXFileReference; lastKnownFileType = sourcecode.swift; path = ARTVideoPlayerLandscapeFullscreenTopbar.swift; sourceTree = "<group>"; };
		025D295D2D1096930022FA6E /* ARTVideoPlayerPortraitFullscreenTopbar.swift */ = {isa = PBXFileReference; lastKnownFileType = sourcecode.swift; path = ARTVideoPlayerPortraitFullscreenTopbar.swift; sourceTree = "<group>"; };
		025D295E2D1096930022FA6E /* ARTVideoPlayerWindowTopbar.swift */ = {isa = PBXFileReference; lastKnownFileType = sourcecode.swift; path = ARTVideoPlayerWindowTopbar.swift; sourceTree = "<group>"; };
		025D29602D1096930022FA6E /* ARTVideoPlayerTopbar.swift */ = {isa = PBXFileReference; lastKnownFileType = sourcecode.swift; path = ARTVideoPlayerTopbar.swift; sourceTree = "<group>"; };
		025D29622D1096930022FA6E /* ARTVideoPlayerControlsView.swift */ = {isa = PBXFileReference; lastKnownFileType = sourcecode.swift; path = ARTVideoPlayerControlsView.swift; sourceTree = "<group>"; };
		025D29632D1096930022FA6E /* ARTVideoPlayerControlsView+DelegateImplementations.swift */ = {isa = PBXFileReference; lastKnownFileType = sourcecode.swift; path = "ARTVideoPlayerControlsView+DelegateImplementations.swift"; sourceTree = "<group>"; };
		025D29642D1096930022FA6E /* ARTVideoPlayerControlsViewDelegate.swift */ = {isa = PBXFileReference; lastKnownFileType = sourcecode.swift; path = ARTVideoPlayerControlsViewDelegate.swift; sourceTree = "<group>"; };
		025D29742D10BF710022FA6E /* ARTVideoPlayerOverlayView.swift */ = {isa = PBXFileReference; lastKnownFileType = sourcecode.swift; path = ARTVideoPlayerOverlayView.swift; sourceTree = "<group>"; };
		025D29792D10BF710022FA6E /* ARTVideoPlayerDisplayView.swift */ = {isa = PBXFileReference; lastKnownFileType = sourcecode.swift; path = ARTVideoPlayerDisplayView.swift; sourceTree = "<group>"; };
		025D297B2D10BF710022FA6E /* ARTVideoPlayerSystemControls.swift */ = {isa = PBXFileReference; lastKnownFileType = sourcecode.swift; path = ARTVideoPlayerSystemControls.swift; sourceTree = "<group>"; };
		025D297D2D10BF710022FA6E /* ARTVideoPlayerLandscapeDanmakuCell.swift */ = {isa = PBXFileReference; lastKnownFileType = sourcecode.swift; path = ARTVideoPlayerLandscapeDanmakuCell.swift; sourceTree = "<group>"; };
		025D297F2D10BF710022FA6E /* ARTVideoPlayerGeneralDanmakuEntity.swift */ = {isa = PBXFileReference; lastKnownFileType = sourcecode.swift; path = ARTVideoPlayerGeneralDanmakuEntity.swift; sourceTree = "<group>"; };
		025D29812D10BF710022FA6E /* ARTVideoPlayerLandscapeDanmakuView.swift */ = {isa = PBXFileReference; lastKnownFileType = sourcecode.swift; path = ARTVideoPlayerLandscapeDanmakuView.swift; sourceTree = "<group>"; };
		025D29822D10BF710022FA6E /* ARTVideoPlayerLandscapeDanmakuView+CollectionView.swift */ = {isa = PBXFileReference; lastKnownFileType = sourcecode.swift; path = "ARTVideoPlayerLandscapeDanmakuView+CollectionView.swift"; sourceTree = "<group>"; };
		025D29842D10BF710022FA6E /* ARTVideoPlayerLandscapePlaybackRateCell.swift */ = {isa = PBXFileReference; lastKnownFileType = sourcecode.swift; path = ARTVideoPlayerLandscapePlaybackRateCell.swift; sourceTree = "<group>"; };
		025D29862D10BF710022FA6E /* ARTVideoPlayerLandscapePlaybackRateView.swift */ = {isa = PBXFileReference; lastKnownFileType = sourcecode.swift; path = ARTVideoPlayerLandscapePlaybackRateView.swift; sourceTree = "<group>"; };
		025D29872D10BF710022FA6E /* ARTVideoPlayerLandscapePlaybackRateView+CollectionView.swift */ = {isa = PBXFileReference; lastKnownFileType = sourcecode.swift; path = "ARTVideoPlayerLandscapePlaybackRateView+CollectionView.swift"; sourceTree = "<group>"; };
		025D29892D10BF710022FA6E /* ARTVideoPlayerLandscapeSlidingView.swift */ = {isa = PBXFileReference; lastKnownFileType = sourcecode.swift; path = ARTVideoPlayerLandscapeSlidingView.swift; sourceTree = "<group>"; };
		025D298B2D10BF710022FA6E /* ARTVideoPlayerLoadingView.swift */ = {isa = PBXFileReference; lastKnownFileType = sourcecode.swift; path = ARTVideoPlayerLoadingView.swift; sourceTree = "<group>"; };
		025D298D2D10BF710022FA6E /* ARTVideoPlayerPortraitBarrageCell.swift */ = {isa = PBXFileReference; lastKnownFileType = sourcecode.swift; path = ARTVideoPlayerPortraitBarrageCell.swift; sourceTree = "<group>"; };
		025D298F2D10BF710022FA6E /* ARTVideoPlayerPortraitBarrageHeader.swift */ = {isa = PBXFileReference; lastKnownFileType = sourcecode.swift; path = ARTVideoPlayerPortraitBarrageHeader.swift; sourceTree = "<group>"; };
		025D29912D10BF710022FA6E /* ARTVideoPlayerPortraitBarrageView.swift */ = {isa = PBXFileReference; lastKnownFileType = sourcecode.swift; path = ARTVideoPlayerPortraitBarrageView.swift; sourceTree = "<group>"; };
		025D29932D10BF710022FA6E /* ARTVideoPlayerPortraitShareCell.swift */ = {isa = PBXFileReference; lastKnownFileType = sourcecode.swift; path = ARTVideoPlayerPortraitShareCell.swift; sourceTree = "<group>"; };
		025D29952D10BF710022FA6E /* ARTVideoPlayerPortraitShareEntity.swift */ = {isa = PBXFileReference; lastKnownFileType = sourcecode.swift; path = ARTVideoPlayerPortraitShareEntity.swift; sourceTree = "<group>"; };
		025D29972C48459D00F611D6 /* ARTViewController_Carousel.swift */ = {isa = PBXFileReference; lastKnownFileType = sourcecode.swift; path = ARTViewController_Carousel.swift; sourceTree = "<group>"; };
		025D29972D10BF710022FA6E /* ARTVideoPlayerPortraitShareHeader.swift */ = {isa = PBXFileReference; lastKnownFileType = sourcecode.swift; path = ARTVideoPlayerPortraitShareHeader.swift; sourceTree = "<group>"; };
		025D29992D10BF710022FA6E /* ARTVideoPlayerPortraitShareView.swift */ = {isa = PBXFileReference; lastKnownFileType = sourcecode.swift; path = ARTVideoPlayerPortraitShareView.swift; sourceTree = "<group>"; };
		025D299B2D10BF710022FA6E /* ARTVideoPlayerPortraitDanmakuView.swift */ = {isa = PBXFileReference; lastKnownFileType = sourcecode.swift; path = ARTVideoPlayerPortraitDanmakuView.swift; sourceTree = "<group>"; };
		025D299D2D10BF710022FA6E /* ARTVideoPlayerPortraitSlidingView.swift */ = {isa = PBXFileReference; lastKnownFileType = sourcecode.swift; path = ARTVideoPlayerPortraitSlidingView.swift; sourceTree = "<group>"; };
		025D299F2D10BF710022FA6E /* ARTVideoPlayerSlidingViewDelegate.swift */ = {isa = PBXFileReference; lastKnownFileType = sourcecode.swift; path = ARTVideoPlayerSlidingViewDelegate.swift; sourceTree = "<group>"; };
		026A7B6B2C3431AE00D3134E /* ARTViewController_ActionSheet.swift */ = {isa = PBXFileReference; lastKnownFileType = sourcecode.swift; path = ARTViewController_ActionSheet.swift; sourceTree = "<group>"; };
		0282385E2BFDA517007B6A25 /* ARTViewController_AlignmentButton.swift */ = {isa = PBXFileReference; lastKnownFileType = sourcecode.swift; path = ARTViewController_AlignmentButton.swift; sourceTree = "<group>"; };
		0292ECA62C733B7A00D08248 /* ARTViewController+WebView.swift */ = {isa = PBXFileReference; lastKnownFileType = sourcecode.swift; path = "ARTViewController+WebView.swift"; sourceTree = "<group>"; };
		02A375A02CC5588800248BBC /* DINCond-Bold.otf */ = {isa = PBXFileReference; lastKnownFileType = file; path = "DINCond-Bold.otf"; sourceTree = "<group>"; };
		02A375A12CC5588800248BBC /* DINPro-Light.ttf */ = {isa = PBXFileReference; lastKnownFileType = file; path = "DINPro-Light.ttf"; sourceTree = "<group>"; };
		02A375A22CC5588800248BBC /* DINPro-Medium.ttf */ = {isa = PBXFileReference; lastKnownFileType = file; path = "DINPro-Medium.ttf"; sourceTree = "<group>"; };
		02A375A32CC5588800248BBC /* DINPro-Regular.otf */ = {isa = PBXFileReference; lastKnownFileType = file; path = "DINPro-Regular.otf"; sourceTree = "<group>"; };
		02A375A42CC5588800248BBC /* SourceHanSansCN-Heavy.otf */ = {isa = PBXFileReference; lastKnownFileType = file; path = "SourceHanSansCN-Heavy.otf"; sourceTree = "<group>"; };
		02AB41052D7C85760023B638 /* ARTVideoPlayerControlsViewEnums.swift */ = {isa = PBXFileReference; lastKnownFileType = sourcecode.swift; path = ARTVideoPlayerControlsViewEnums.swift; sourceTree = "<group>"; };
		02AB41072D7C8BDE0023B638 /* ARTViewController_VideoPlayer+DelegateImplementations.swift */ = {isa = PBXFileReference; lastKnownFileType = sourcecode.swift; path = "ARTViewController_VideoPlayer+DelegateImplementations.swift"; sourceTree = "<group>"; };
		02B490872C8AEA4C007F379A /* county.json */ = {isa = PBXFileReference; fileEncoding = 4; lastKnownFileType = text.json; path = county.json; sourceTree = "<group>"; };
		02B490882C8AEA4C007F379A /* city.json */ = {isa = PBXFileReference; fileEncoding = 4; lastKnownFileType = text.json; path = city.json; sourceTree = "<group>"; };
		02B490892C8AEA4C007F379A /* province.json */ = {isa = PBXFileReference; fileEncoding = 4; lastKnownFileType = text.json; path = province.json; sourceTree = "<group>"; };
		02B4908A2C8AEA4C007F379A /* street.json */ = {isa = PBXFileReference; fileEncoding = 4; lastKnownFileType = text.json; path = street.json; sourceTree = "<group>"; };
		02BE325B2CC9C9DC00F25937 /* video.MP4 */ = {isa = PBXFileReference; lastKnownFileType = file; path = video.MP4; sourceTree = "<group>"; };
		02D1BCC62D0AF8ED0075BF64 /* video_loading.pag */ = {isa = PBXFileReference; lastKnownFileType = file; path = video_loading.pag; sourceTree = "<group>"; };
		02E1AF3D2D6B7F5E00C5531B /* ARTVideoPlayerLandscapeChaptersCell.swift */ = {isa = PBXFileReference; lastKnownFileType = sourcecode.swift; path = ARTVideoPlayerLandscapeChaptersCell.swift; sourceTree = "<group>"; };
		02E1AF3F2D6B7F5E00C5531B /* ARTVideoPlayerLandscapeChaptersView.swift */ = {isa = PBXFileReference; lastKnownFileType = sourcecode.swift; path = ARTVideoPlayerLandscapeChaptersView.swift; sourceTree = "<group>"; };
		02E1AF402D6B7F5E00C5531B /* ARTVideoPlayerLandscapeChaptersView+CollectionView.swift */ = {isa = PBXFileReference; lastKnownFileType = sourcecode.swift; path = "ARTVideoPlayerLandscapeChaptersView+CollectionView.swift"; sourceTree = "<group>"; };
		02E8E1AF2D0AF15E00C68377 /* ARTZecoToolKit-Bridging-Header.h */ = {isa = PBXFileReference; lastKnownFileType = sourcecode.c.h; path = "ARTZecoToolKit-Bridging-Header.h"; sourceTree = "<group>"; };
		02E9844E2D08C8000052C36A /* ARTBaseNavigationController.swift */ = {isa = PBXFileReference; lastKnownFileType = sourcecode.swift; path = ARTBaseNavigationController.swift; sourceTree = "<group>"; };
		02E9844F2D08C8000052C36A /* ARTBaseTabBarController.swift */ = {isa = PBXFileReference; lastKnownFileType = sourcecode.swift; path = ARTBaseTabBarController.swift; sourceTree = "<group>"; };
		02E984502D08C8000052C36A /* ARTBaseViewController.swift */ = {isa = PBXFileReference; lastKnownFileType = sourcecode.swift; path = ARTBaseViewController.swift; sourceTree = "<group>"; };
		02E984522D08C8000052C36A /* ARTFirstCarouselCell.swift */ = {isa = PBXFileReference; lastKnownFileType = sourcecode.swift; path = ARTFirstCarouselCell.swift; sourceTree = "<group>"; };
		02E984532D08C8000052C36A /* ARTSecondCarouselCell.swift */ = {isa = PBXFileReference; lastKnownFileType = sourcecode.swift; path = ARTSecondCarouselCell.swift; sourceTree = "<group>"; };
		02E984552D08C8000052C36A /* ARTCarouselEntity.swift */ = {isa = PBXFileReference; lastKnownFileType = sourcecode.swift; path = ARTCarouselEntity.swift; sourceTree = "<group>"; };
		02E984582D08C8000052C36A /* ARTCollectionEntity.swift */ = {isa = PBXFileReference; lastKnownFileType = sourcecode.swift; path = ARTCollectionEntity.swift; sourceTree = "<group>"; };
		02E9845A2D08C8000052C36A /* CollectionSectionProtocol.swift */ = {isa = PBXFileReference; lastKnownFileType = sourcecode.swift; path = CollectionSectionProtocol.swift; sourceTree = "<group>"; };
		02E9845C2D08C8000052C36A /* ARTCollectionCell.swift */ = {isa = PBXFileReference; lastKnownFileType = sourcecode.swift; path = ARTCollectionCell.swift; sourceTree = "<group>"; };
		02E9845E2D08C8000052C36A /* ARTCollectionFooter.swift */ = {isa = PBXFileReference; lastKnownFileType = sourcecode.swift; path = ARTCollectionFooter.swift; sourceTree = "<group>"; };
		02E9845F2D08C8000052C36A /* ARTCollectionHeader.swift */ = {isa = PBXFileReference; lastKnownFileType = sourcecode.swift; path = ARTCollectionHeader.swift; sourceTree = "<group>"; };
		02E984612D08C8000052C36A /* ARTViewController+CollectionView.swift */ = {isa = PBXFileReference; lastKnownFileType = sourcecode.swift; path = "ARTViewController+CollectionView.swift"; sourceTree = "<group>"; };
		02E984632D08C8000052C36A /* ARTCollectionViewModel.swift */ = {isa = PBXFileReference; lastKnownFileType = sourcecode.swift; path = ARTCollectionViewModel.swift; sourceTree = "<group>"; };
		02E984662D08C8000052C36A /* ARTEnhancedDanmakuCell.swift */ = {isa = PBXFileReference; lastKnownFileType = sourcecode.swift; path = ARTEnhancedDanmakuCell.swift; sourceTree = "<group>"; };
		02E984682D08C8000052C36A /* ARTControllerBottomBar.swift */ = {isa = PBXFileReference; lastKnownFileType = sourcecode.swift; path = ARTControllerBottomBar.swift; sourceTree = "<group>"; };
		02E9846A2D08C8000052C36A /* ARTControllerNavigationBar.swift */ = {isa = PBXFileReference; lastKnownFileType = sourcecode.swift; path = ARTControllerNavigationBar.swift; sourceTree = "<group>"; };
		02E9846D2D08C8000052C36A /* ARTWebCustomViewController.swift */ = {isa = PBXFileReference; lastKnownFileType = sourcecode.swift; path = ARTWebCustomViewController.swift; sourceTree = "<group>"; };
		02EC99422D6E304B00D040D3 /* RickAstley.mp4 */ = {isa = PBXFileReference; lastKnownFileType = file; path = RickAstley.mp4; sourceTree = "<group>"; };
		02F8AE262BF66B3D00A111F6 /* 0.png */ = {isa = PBXFileReference; lastKnownFileType = image.png; path = 0.png; sourceTree = "<group>"; };
		02F8AE272BF66B3D00A111F6 /* 2.png */ = {isa = PBXFileReference; lastKnownFileType = image.png; path = 2.png; sourceTree = "<group>"; };
		02F8AE282BF66B3D00A111F6 /* 1.png */ = {isa = PBXFileReference; lastKnownFileType = image.png; path = 1.png; sourceTree = "<group>"; };
		02F8AE292BF66B3E00A111F6 /* area_format_user.json */ = {isa = PBXFileReference; fileEncoding = 4; lastKnownFileType = text.json; path = area_format_user.json; sourceTree = "<group>"; };
		02F8AE2A2BF66B3E00A111F6 /* hot_area_format_user.json */ = {isa = PBXFileReference; fileEncoding = 4; lastKnownFileType = text.json; path = hot_area_format_user.json; sourceTree = "<group>"; };
		02F8AE422BF67E7E00A111F6 /* ARTViewController_CitySelector.swift */ = {isa = PBXFileReference; fileEncoding = 4; lastKnownFileType = sourcecode.swift; path = ARTViewController_CitySelector.swift; sourceTree = "<group>"; };
		02F8AE442BF67E7E00A111F6 /* ARTViewController_CollectionView.swift */ = {isa = PBXFileReference; fileEncoding = 4; lastKnownFileType = sourcecode.swift; path = ARTViewController_CollectionView.swift; sourceTree = "<group>"; };
		02F8AE452BF67E7E00A111F6 /* ARTViewController_SlidePopup.swift */ = {isa = PBXFileReference; fileEncoding = 4; lastKnownFileType = sourcecode.swift; path = ARTViewController_SlidePopup.swift; sourceTree = "<group>"; };
		02F8AE462BF67E7E00A111F6 /* ARTViewController_ScrollView.swift */ = {isa = PBXFileReference; fileEncoding = 4; lastKnownFileType = sourcecode.swift; path = ARTViewController_ScrollView.swift; sourceTree = "<group>"; };
		02F8AE472BF67E7E00A111F6 /* ARTViewController_AlertController.swift */ = {isa = PBXFileReference; fileEncoding = 4; lastKnownFileType = sourcecode.swift; path = ARTViewController_AlertController.swift; sourceTree = "<group>"; };
		02F8AE492BF67E7E00A111F6 /* ARTViewController_Quantity.swift */ = {isa = PBXFileReference; fileEncoding = 4; lastKnownFileType = sourcecode.swift; path = ARTViewController_Quantity.swift; sourceTree = "<group>"; };
		02F8AE4A2BF67E7E00A111F6 /* ARTViewController_Debug.swift */ = {isa = PBXFileReference; fileEncoding = 4; lastKnownFileType = sourcecode.swift; path = ARTViewController_Debug.swift; sourceTree = "<group>"; };
		02F8AE4B2BF67E7E00A111F6 /* ARTViewController_SlideBar.swift */ = {isa = PBXFileReference; fileEncoding = 4; lastKnownFileType = sourcecode.swift; path = ARTViewController_SlideBar.swift; sourceTree = "<group>"; };
		02FC53412CF1B25E009794A4 /* privacy-policy.html */ = {isa = PBXFileReference; lastKnownFileType = text.html; path = "privacy-policy.html"; sourceTree = "<group>"; };
		5D429E006CEEC3DDCA4A8053 /* Pods_ARTZecoToolKit_Tests.framework */ = {isa = PBXFileReference; explicitFileType = wrapper.framework; includeInIndex = 0; path = Pods_ARTZecoToolKit_Tests.framework; sourceTree = BUILT_PRODUCTS_DIR; };
		607FACD01AFB9204008FA782 /* ARTZecoToolKit_Example.app */ = {isa = PBXFileReference; explicitFileType = wrapper.application; includeInIndex = 0; path = ARTZecoToolKit_Example.app; sourceTree = BUILT_PRODUCTS_DIR; };
		607FACD41AFB9204008FA782 /* Info.plist */ = {isa = PBXFileReference; lastKnownFileType = text.plist.xml; path = Info.plist; sourceTree = "<group>"; };
		607FACD51AFB9204008FA782 /* AppDelegate.swift */ = {isa = PBXFileReference; lastKnownFileType = sourcecode.swift; path = AppDelegate.swift; sourceTree = "<group>"; };
		607FACDC1AFB9204008FA782 /* Images.xcassets */ = {isa = PBXFileReference; lastKnownFileType = folder.assetcatalog; path = Images.xcassets; sourceTree = "<group>"; };
		607FACDF1AFB9204008FA782 /* Base */ = {isa = PBXFileReference; lastKnownFileType = file.xib; name = Base; path = Base.lproj/LaunchScreen.xib; sourceTree = "<group>"; };
		607FACE51AFB9204008FA782 /* ARTZecoToolKit_Tests.xctest */ = {isa = PBXFileReference; explicitFileType = wrapper.cfbundle; includeInIndex = 0; path = ARTZecoToolKit_Tests.xctest; sourceTree = BUILT_PRODUCTS_DIR; };
		607FACEA1AFB9204008FA782 /* Info.plist */ = {isa = PBXFileReference; lastKnownFileType = text.plist.xml; path = Info.plist; sourceTree = "<group>"; };
		607FACEB1AFB9204008FA782 /* Tests.swift */ = {isa = PBXFileReference; lastKnownFileType = sourcecode.swift; path = Tests.swift; sourceTree = "<group>"; };
		64C66A94BFBB8BB9FA70421F /* Pods-ARTZecoToolKit_Tests.debug.xcconfig */ = {isa = PBXFileReference; includeInIndex = 1; lastKnownFileType = text.xcconfig; name = "Pods-ARTZecoToolKit_Tests.debug.xcconfig"; path = "Target Support Files/Pods-ARTZecoToolKit_Tests/Pods-ARTZecoToolKit_Tests.debug.xcconfig"; sourceTree = "<group>"; };
		93254949C2F77EC4627A0C8B /* Pods_ARTZecoToolKit_Example.framework */ = {isa = PBXFileReference; explicitFileType = wrapper.framework; includeInIndex = 0; path = Pods_ARTZecoToolKit_Example.framework; sourceTree = BUILT_PRODUCTS_DIR; };
		A13A46B6F22885964AF67601 /* ARTZecoToolKit.podspec */ = {isa = PBXFileReference; includeInIndex = 1; lastKnownFileType = text; name = ARTZecoToolKit.podspec; path = ../ARTZecoToolKit.podspec; sourceTree = "<group>"; xcLanguageSpecificationIdentifier = xcode.lang.ruby; };
		A63906680CD7412AF2D3826F /* Pods-ARTZecoToolKit_Example.debug.xcconfig */ = {isa = PBXFileReference; includeInIndex = 1; lastKnownFileType = text.xcconfig; name = "Pods-ARTZecoToolKit_Example.debug.xcconfig"; path = "Target Support Files/Pods-ARTZecoToolKit_Example/Pods-ARTZecoToolKit_Example.debug.xcconfig"; sourceTree = "<group>"; };
		B3D3030B4205F9C1FFDFF24B /* Pods-ARTZecoToolKit_Tests.release.xcconfig */ = {isa = PBXFileReference; includeInIndex = 1; lastKnownFileType = text.xcconfig; name = "Pods-ARTZecoToolKit_Tests.release.xcconfig"; path = "Target Support Files/Pods-ARTZecoToolKit_Tests/Pods-ARTZecoToolKit_Tests.release.xcconfig"; sourceTree = "<group>"; };
		CB45B7B3F467FA99B0E4C6AD /* LICENSE */ = {isa = PBXFileReference; includeInIndex = 1; lastKnownFileType = text; name = LICENSE; path = ../LICENSE; sourceTree = "<group>"; };
		D8F7423B5C4DB1F56DAB0F07 /* README.md */ = {isa = PBXFileReference; includeInIndex = 1; lastKnownFileType = net.daringfireball.markdown; name = README.md; path = ../README.md; sourceTree = "<group>"; };
		FB62E3843681E50A82325A7C /* Pods-ARTZecoToolKit_Example.release.xcconfig */ = {isa = PBXFileReference; includeInIndex = 1; lastKnownFileType = text.xcconfig; name = "Pods-ARTZecoToolKit_Example.release.xcconfig"; path = "Target Support Files/Pods-ARTZecoToolKit_Example/Pods-ARTZecoToolKit_Example.release.xcconfig"; sourceTree = "<group>"; };
/* End PBXFileReference section */

/* Begin PBXFrameworksBuildPhase section */
		607FACCD1AFB9204008FA782 /* Frameworks */ = {
			isa = PBXFrameworksBuildPhase;
			buildActionMask = 2147483647;
			files = (
				BC8CBDE46972C8FF23B47DF8 /* Pods_ARTZecoToolKit_Example.framework in Frameworks */,
			);
			runOnlyForDeploymentPostprocessing = 0;
		};
		607FACE21AFB9204008FA782 /* Frameworks */ = {
			isa = PBXFrameworksBuildPhase;
			buildActionMask = 2147483647;
			files = (
				F812B962E7A952147B6000F6 /* Pods_ARTZecoToolKit_Tests.framework in Frameworks */,
			);
			runOnlyForDeploymentPostprocessing = 0;
		};
/* End PBXFrameworksBuildPhase section */

/* Begin PBXGroup section */
		025D29302D1046470022FA6E /* PlayerWrapperView */ = {
			isa = PBXGroup;
			children = (
				025D292D2D1046470022FA6E /* ARTVideoPlayerEnhancedWrapperView.swift */,
				025D292E2D1046470022FA6E /* ARTVideoPlayerEnhancedWrapperView+DelegateImplementations.swift */,
				025D292F2D1046470022FA6E /* ARTVideoPlayerEnhancedWrapperViewDelegate.swift */,
			);
			path = PlayerWrapperView;
			sourceTree = "<group>";
		};
		025D29572D1096930022FA6E /* CustomBottombar */ = {
			isa = PBXGroup;
			children = (
				025D29542D1096930022FA6E /* ARTVideoPlayerLandscapeFullscreenBottombar.swift */,
				025D29552D1096930022FA6E /* ARTVideoPlayerPortraitFullscreenBottombar.swift */,
				025D29562D1096930022FA6E /* ARTVideoPlayerWindowBottombar.swift */,
			);
			path = CustomBottombar;
			sourceTree = "<group>";
		};
		025D29592D1096930022FA6E /* Bottombar */ = {
			isa = PBXGroup;
			children = (
				025D29582D1096930022FA6E /* ARTVideoPlayerBottombar.swift */,
				025D29572D1096930022FA6E /* CustomBottombar */,
			);
			path = Bottombar;
			sourceTree = "<group>";
		};
		025D295B2D1096930022FA6E /* PlayerSlider */ = {
			isa = PBXGroup;
			children = (
				025D295A2D1096930022FA6E /* ARTVideoPlayerSlider.swift */,
			);
			path = PlayerSlider;
			sourceTree = "<group>";
		};
		025D295F2D1096930022FA6E /* CustomTopbar */ = {
			isa = PBXGroup;
			children = (
				025D295C2D1096930022FA6E /* ARTVideoPlayerLandscapeFullscreenTopbar.swift */,
				025D295D2D1096930022FA6E /* ARTVideoPlayerPortraitFullscreenTopbar.swift */,
				025D295E2D1096930022FA6E /* ARTVideoPlayerWindowTopbar.swift */,
			);
			path = CustomTopbar;
			sourceTree = "<group>";
		};
		025D29612D1096930022FA6E /* Topbar */ = {
			isa = PBXGroup;
			children = (
				025D29602D1096930022FA6E /* ARTVideoPlayerTopbar.swift */,
				025D295F2D1096930022FA6E /* CustomTopbar */,
			);
			path = Topbar;
			sourceTree = "<group>";
		};
		025D29652D1096930022FA6E /* PlayerControlsView */ = {
			isa = PBXGroup;
			children = (
				025D29622D1096930022FA6E /* ARTVideoPlayerControlsView.swift */,
				025D29632D1096930022FA6E /* ARTVideoPlayerControlsView+DelegateImplementations.swift */,
				025D29642D1096930022FA6E /* ARTVideoPlayerControlsViewDelegate.swift */,
				02AB41052D7C85760023B638 /* ARTVideoPlayerControlsViewEnums.swift */,
				025D29592D1096930022FA6E /* Bottombar */,
				025D295B2D1096930022FA6E /* PlayerSlider */,
				025D29612D1096930022FA6E /* Topbar */,
			);
			path = PlayerControlsView;
			sourceTree = "<group>";
		};
		025D29772D10BF710022FA6E /* PlayerOverlayView */ = {
			isa = PBXGroup;
			children = (
				025D29742D10BF710022FA6E /* ARTVideoPlayerOverlayView.swift */,
			);
			path = PlayerOverlayView;
			sourceTree = "<group>";
		};
		025D297A2D10BF710022FA6E /* PlayerDisplayView */ = {
			isa = PBXGroup;
			children = (
				025D29792D10BF710022FA6E /* ARTVideoPlayerDisplayView.swift */,
			);
			path = PlayerDisplayView;
			sourceTree = "<group>";
		};
		025D297C2D10BF710022FA6E /* PlayerSystemControls */ = {
			isa = PBXGroup;
			children = (
				025D297B2D10BF710022FA6E /* ARTVideoPlayerSystemControls.swift */,
				025D297A2D10BF710022FA6E /* PlayerDisplayView */,
			);
			path = PlayerSystemControls;
			sourceTree = "<group>";
		};
		025D297E2D10BF710022FA6E /* Cell */ = {
			isa = PBXGroup;
			children = (
				025D297D2D10BF710022FA6E /* ARTVideoPlayerLandscapeDanmakuCell.swift */,
			);
			path = Cell;
			sourceTree = "<group>";
		};
		025D29802D10BF710022FA6E /* Entity */ = {
			isa = PBXGroup;
			children = (
				025D297F2D10BF710022FA6E /* ARTVideoPlayerGeneralDanmakuEntity.swift */,
			);
			path = Entity;
			sourceTree = "<group>";
		};
		025D29832D10BF710022FA6E /* DanmakuView */ = {
			isa = PBXGroup;
			children = (
				025D297E2D10BF710022FA6E /* Cell */,
				025D29802D10BF710022FA6E /* Entity */,
				025D29812D10BF710022FA6E /* ARTVideoPlayerLandscapeDanmakuView.swift */,
				025D29822D10BF710022FA6E /* ARTVideoPlayerLandscapeDanmakuView+CollectionView.swift */,
			);
			path = DanmakuView;
			sourceTree = "<group>";
		};
		025D29852D10BF710022FA6E /* Cell */ = {
			isa = PBXGroup;
			children = (
				025D29842D10BF710022FA6E /* ARTVideoPlayerLandscapePlaybackRateCell.swift */,
			);
			path = Cell;
			sourceTree = "<group>";
		};
		025D29882D10BF710022FA6E /* PlaybackRateView */ = {
			isa = PBXGroup;
			children = (
				025D29852D10BF710022FA6E /* Cell */,
				025D29862D10BF710022FA6E /* ARTVideoPlayerLandscapePlaybackRateView.swift */,
				025D29872D10BF710022FA6E /* ARTVideoPlayerLandscapePlaybackRateView+CollectionView.swift */,
			);
			path = PlaybackRateView;
			sourceTree = "<group>";
		};
		025D298A2D10BF710022FA6E /* Landscape */ = {
			isa = PBXGroup;
			children = (
				02E1AF412D6B7F5E00C5531B /* ChaptersView */,
				025D29832D10BF710022FA6E /* DanmakuView */,
				025D29882D10BF710022FA6E /* PlaybackRateView */,
				025D29892D10BF710022FA6E /* ARTVideoPlayerLandscapeSlidingView.swift */,
			);
			path = Landscape;
			sourceTree = "<group>";
		};
		025D298C2D10BF710022FA6E /* LoadingView */ = {
			isa = PBXGroup;
			children = (
				025D298B2D10BF710022FA6E /* ARTVideoPlayerLoadingView.swift */,
				0242B1902D69E58200E45B5F /* ARTPagView.swift */,
			);
			path = LoadingView;
			sourceTree = "<group>";
		};
		025D298E2D10BF710022FA6E /* Cell */ = {
			isa = PBXGroup;
			children = (
				025D298D2D10BF710022FA6E /* ARTVideoPlayerPortraitBarrageCell.swift */,
			);
			path = Cell;
			sourceTree = "<group>";
		};
		025D29902D10BF710022FA6E /* ReusableView */ = {
			isa = PBXGroup;
			children = (
				025D298F2D10BF710022FA6E /* ARTVideoPlayerPortraitBarrageHeader.swift */,
			);
			path = ReusableView;
			sourceTree = "<group>";
		};
		025D29922D10BF710022FA6E /* BarrageView */ = {
			isa = PBXGroup;
			children = (
				025D298E2D10BF710022FA6E /* Cell */,
				025D29902D10BF710022FA6E /* ReusableView */,
				025D29912D10BF710022FA6E /* ARTVideoPlayerPortraitBarrageView.swift */,
			);
			path = BarrageView;
			sourceTree = "<group>";
		};
		025D29942D10BF710022FA6E /* Cell */ = {
			isa = PBXGroup;
			children = (
				025D29932D10BF710022FA6E /* ARTVideoPlayerPortraitShareCell.swift */,
			);
			path = Cell;
			sourceTree = "<group>";
		};
		025D29962D10BF710022FA6E /* Entity */ = {
			isa = PBXGroup;
			children = (
				025D29952D10BF710022FA6E /* ARTVideoPlayerPortraitShareEntity.swift */,
			);
			path = Entity;
			sourceTree = "<group>";
		};
		025D29982D10BF710022FA6E /* ReusableView */ = {
			isa = PBXGroup;
			children = (
				025D29972D10BF710022FA6E /* ARTVideoPlayerPortraitShareHeader.swift */,
			);
			path = ReusableView;
			sourceTree = "<group>";
		};
		025D299A2D10BF710022FA6E /* ShareView */ = {
			isa = PBXGroup;
			children = (
				025D29942D10BF710022FA6E /* Cell */,
				025D29962D10BF710022FA6E /* Entity */,
				025D29982D10BF710022FA6E /* ReusableView */,
				025D29992D10BF710022FA6E /* ARTVideoPlayerPortraitShareView.swift */,
			);
			path = ShareView;
			sourceTree = "<group>";
		};
		025D299C2D10BF710022FA6E /* DanmakuView */ = {
			isa = PBXGroup;
			children = (
				025D29922D10BF710022FA6E /* BarrageView */,
				025D299A2D10BF710022FA6E /* ShareView */,
				025D299B2D10BF710022FA6E /* ARTVideoPlayerPortraitDanmakuView.swift */,
			);
			path = DanmakuView;
			sourceTree = "<group>";
		};
		025D299E2D10BF710022FA6E /* Portrait */ = {
			isa = PBXGroup;
			children = (
				025D299C2D10BF710022FA6E /* DanmakuView */,
				025D299D2D10BF710022FA6E /* ARTVideoPlayerPortraitSlidingView.swift */,
			);
			path = Portrait;
			sourceTree = "<group>";
		};
		025D29A02D10BF710022FA6E /* PrivateExtensionsView */ = {
			isa = PBXGroup;
			children = (
				025D298A2D10BF710022FA6E /* Landscape */,
				025D298C2D10BF710022FA6E /* LoadingView */,
				025D299E2D10BF710022FA6E /* Portrait */,
				025D299F2D10BF710022FA6E /* ARTVideoPlayerSlidingViewDelegate.swift */,
			);
			path = PrivateExtensionsView;
			sourceTree = "<group>";
		};
		0290B4622CC5986700D49079 /* Resource */ = {
			isa = PBXGroup;
			children = (
				02EC99422D6E304B00D040D3 /* RickAstley.mp4 */,
				02D1BCC62D0AF8ED0075BF64 /* video_loading.pag */,
				02FC53412CF1B25E009794A4 /* privacy-policy.html */,
				0250693D2D01BEE9009637ED /* zeco-test.html */,
				02F8AE262BF66B3D00A111F6 /* 0.png */,
				02F8AE282BF66B3D00A111F6 /* 1.png */,
				02F8AE272BF66B3D00A111F6 /* 2.png */,
				0258B7A82BFA845800AEB349 /* 3.png */,
				0258B7A92BFA845800AEB349 /* 4.png */,
				0258B7AA2BFA845800AEB349 /* 5.png */,
				0235E28E2C794B30003DEFA8 /* portrait.jpg */,
				02BE325B2CC9C9DC00F25937 /* video.MP4 */,
				02F8AE292BF66B3E00A111F6 /* area_format_user.json */,
				02F8AE2A2BF66B3E00A111F6 /* hot_area_format_user.json */,
				02B490892C8AEA4C007F379A /* province.json */,
				02B490882C8AEA4C007F379A /* city.json */,
				02B490872C8AEA4C007F379A /* county.json */,
				02B4908A2C8AEA4C007F379A /* street.json */,
			);
			path = Resource;
			sourceTree = "<group>";
		};
		02E1AF3E2D6B7F5E00C5531B /* Cell */ = {
			isa = PBXGroup;
			children = (
				02E1AF3D2D6B7F5E00C5531B /* ARTVideoPlayerLandscapeChaptersCell.swift */,
			);
			path = Cell;
			sourceTree = "<group>";
		};
		02E1AF412D6B7F5E00C5531B /* ChaptersView */ = {
			isa = PBXGroup;
			children = (
				02E1AF3F2D6B7F5E00C5531B /* ARTVideoPlayerLandscapeChaptersView.swift */,
				02E1AF402D6B7F5E00C5531B /* ARTVideoPlayerLandscapeChaptersView+CollectionView.swift */,
				02E1AF3E2D6B7F5E00C5531B /* Cell */,
			);
			path = ChaptersView;
			sourceTree = "<group>";
		};
		02E984512D08C8000052C36A /* BaseBusiness */ = {
			isa = PBXGroup;
			children = (
				02E9844E2D08C8000052C36A /* ARTBaseNavigationController.swift */,
				02E9844F2D08C8000052C36A /* ARTBaseTabBarController.swift */,
				02E984502D08C8000052C36A /* ARTBaseViewController.swift */,
			);
			path = BaseBusiness;
			sourceTree = "<group>";
		};
		02E984542D08C8000052C36A /* Cell */ = {
			isa = PBXGroup;
			children = (
				02E984522D08C8000052C36A /* ARTFirstCarouselCell.swift */,
				02E984532D08C8000052C36A /* ARTSecondCarouselCell.swift */,
			);
			path = Cell;
			sourceTree = "<group>";
		};
		02E984562D08C8000052C36A /* Entity */ = {
			isa = PBXGroup;
			children = (
				02E984552D08C8000052C36A /* ARTCarouselEntity.swift */,
			);
			path = Entity;
			sourceTree = "<group>";
		};
		02E984572D08C8000052C36A /* CarouselBusiness */ = {
			isa = PBXGroup;
			children = (
				02E984542D08C8000052C36A /* Cell */,
				02E984562D08C8000052C36A /* Entity */,
			);
			path = CarouselBusiness;
			sourceTree = "<group>";
		};
		02E984592D08C8000052C36A /* Entity */ = {
			isa = PBXGroup;
			children = (
				02E984582D08C8000052C36A /* ARTCollectionEntity.swift */,
			);
			path = Entity;
			sourceTree = "<group>";
		};
		02E9845B2D08C8000052C36A /* Protocol */ = {
			isa = PBXGroup;
			children = (
				02E9845A2D08C8000052C36A /* CollectionSectionProtocol.swift */,
			);
			path = Protocol;
			sourceTree = "<group>";
		};
		02E9845D2D08C8000052C36A /* Cell */ = {
			isa = PBXGroup;
			children = (
				02E9845C2D08C8000052C36A /* ARTCollectionCell.swift */,
			);
			path = Cell;
			sourceTree = "<group>";
		};
		02E984602D08C8000052C36A /* ReusableView */ = {
			isa = PBXGroup;
			children = (
				02E9845E2D08C8000052C36A /* ARTCollectionFooter.swift */,
				02E9845F2D08C8000052C36A /* ARTCollectionHeader.swift */,
			);
			path = ReusableView;
			sourceTree = "<group>";
		};
		02E984622D08C8000052C36A /* View */ = {
			isa = PBXGroup;
			children = (
				02E9845D2D08C8000052C36A /* Cell */,
				02E984602D08C8000052C36A /* ReusableView */,
				02E984612D08C8000052C36A /* ARTViewController+CollectionView.swift */,
			);
			path = View;
			sourceTree = "<group>";
		};
		02E984642D08C8000052C36A /* ViewModel */ = {
			isa = PBXGroup;
			children = (
				02E984632D08C8000052C36A /* ARTCollectionViewModel.swift */,
			);
			path = ViewModel;
			sourceTree = "<group>";
		};
		02E984652D08C8000052C36A /* CollectionViewBusiness */ = {
			isa = PBXGroup;
			children = (
				02E984592D08C8000052C36A /* Entity */,
				02E9845B2D08C8000052C36A /* Protocol */,
				02E984622D08C8000052C36A /* View */,
				02E984642D08C8000052C36A /* ViewModel */,
			);
			path = CollectionViewBusiness;
			sourceTree = "<group>";
		};
		02E984672D08C8000052C36A /* DanmakuBusiness */ = {
			isa = PBXGroup;
			children = (
				02E984662D08C8000052C36A /* ARTEnhancedDanmakuCell.swift */,
			);
			path = DanmakuBusiness;
			sourceTree = "<group>";
		};
		02E984692D08C8000052C36A /* BottomBar */ = {
			isa = PBXGroup;
			children = (
				02E984682D08C8000052C36A /* ARTControllerBottomBar.swift */,
			);
			path = BottomBar;
			sourceTree = "<group>";
		};
		02E9846B2D08C8000052C36A /* NavigationBar */ = {
			isa = PBXGroup;
			children = (
				02E9846A2D08C8000052C36A /* ARTControllerNavigationBar.swift */,
			);
			path = NavigationBar;
			sourceTree = "<group>";
		};
		02E9846C2D08C8000052C36A /* PhotoBrowserBusiness */ = {
			isa = PBXGroup;
			children = (
				02E984692D08C8000052C36A /* BottomBar */,
				02E9846B2D08C8000052C36A /* NavigationBar */,
			);
			path = PhotoBrowserBusiness;
			sourceTree = "<group>";
		};
		02E9846E2D08C8000052C36A /* WebViewBusiness */ = {
			isa = PBXGroup;
			children = (
				02E9846D2D08C8000052C36A /* ARTWebCustomViewController.swift */,
			);
			path = WebViewBusiness;
			sourceTree = "<group>";
		};
		02E9846F2D08C8000052C36A /* Business */ = {
			isa = PBXGroup;
			children = (
				02E984512D08C8000052C36A /* BaseBusiness */,
				02E984572D08C8000052C36A /* CarouselBusiness */,
				02E984862D08C8450052C36A /* VideoPlayerBusiness */,
				02E984652D08C8000052C36A /* CollectionViewBusiness */,
				02E984672D08C8000052C36A /* DanmakuBusiness */,
				02E9846C2D08C8000052C36A /* PhotoBrowserBusiness */,
				02E9846E2D08C8000052C36A /* WebViewBusiness */,
			);
			path = Business;
			sourceTree = "<group>";
		};
		02E984862D08C8450052C36A /* VideoPlayerBusiness */ = {
			isa = PBXGroup;
			children = (
				02AB41072D7C8BDE0023B638 /* ARTViewController_VideoPlayer+DelegateImplementations.swift */,
				025D29302D1046470022FA6E /* PlayerWrapperView */,
				025D29652D1096930022FA6E /* PlayerControlsView */,
				025D29772D10BF710022FA6E /* PlayerOverlayView */,
				025D297C2D10BF710022FA6E /* PlayerSystemControls */,
				025D29A02D10BF710022FA6E /* PrivateExtensionsView */,
			);
			path = VideoPlayerBusiness;
			sourceTree = "<group>";
		};
		607FACC71AFB9204008FA782 = {
			isa = PBXGroup;
			children = (
				607FACF51AFB993E008FA782 /* Podspec Metadata */,
				607FACD21AFB9204008FA782 /* Example for ARTZecoToolKit */,
				607FACE81AFB9204008FA782 /* Tests */,
				607FACD11AFB9204008FA782 /* Products */,
				AA6940E68DEA193E2147EDAA /* Pods */,
				F4B5B313BDA43698F08F6989 /* Frameworks */,
			);
			sourceTree = "<group>";
		};
		607FACD11AFB9204008FA782 /* Products */ = {
			isa = PBXGroup;
			children = (
				607FACD01AFB9204008FA782 /* ARTZecoToolKit_Example.app */,
				607FACE51AFB9204008FA782 /* ARTZecoToolKit_Tests.xctest */,
			);
			name = Products;
			sourceTree = "<group>";
		};
		607FACD21AFB9204008FA782 /* Example for ARTZecoToolKit */ = {
			isa = PBXGroup;
			children = (
				607FACD51AFB9204008FA782 /* AppDelegate.swift */,
				02F8AE4A2BF67E7E00A111F6 /* ARTViewController_Debug.swift */,
				02F8AE442BF67E7E00A111F6 /* ARTViewController_CollectionView.swift */,
				02F8AE462BF67E7E00A111F6 /* ARTViewController_ScrollView.swift */,
				02F8AE422BF67E7E00A111F6 /* ARTViewController_CitySelector.swift */,
				02F8AE472BF67E7E00A111F6 /* ARTViewController_AlertController.swift */,
				02F8AE4B2BF67E7E00A111F6 /* ARTViewController_SlideBar.swift */,
				02F8AE492BF67E7E00A111F6 /* ARTViewController_Quantity.swift */,
				02F8AE452BF67E7E00A111F6 /* ARTViewController_SlidePopup.swift */,
				0258B7AE2BFA851400AEB349 /* ARTViewController_VideoPlayer.swift */,
				0282385E2BFDA517007B6A25 /* ARTViewController_AlignmentButton.swift */,
				0258CA9D2C03995300A486E7 /* ARTViewController_PageViewController.swift */,
				023F976C2C32F5A1009CD62B /* ARTViewController_AlertView.swift */,
				026A7B6B2C3431AE00D3134E /* ARTViewController_ActionSheet.swift */,
				0222B4422C35A9F600FA82B7 /* ARTViewController_StartRating.swift */,
				024F9A4E2C456D50008DF3AB /* ARTViewController_PhotoBrowser.swift */,
				025D29972C48459D00F611D6 /* ARTViewController_Carousel.swift */,
				0292ECA62C733B7A00D08248 /* ARTViewController+WebView.swift */,
				025AF79A2CEBE271009643E2 /* ARTViewController+DanmakuView.swift */,
				02E9846F2D08C8000052C36A /* Business */,
				607FACD31AFB9204008FA782 /* Supporting Files */,
			);
			name = "Example for ARTZecoToolKit";
			path = ARTZecoToolKit;
			sourceTree = "<group>";
		};
		607FACD31AFB9204008FA782 /* Supporting Files */ = {
			isa = PBXGroup;
			children = (
				0290B4622CC5986700D49079 /* Resource */,
				02A375A02CC5588800248BBC /* DINCond-Bold.otf */,
				02A375A12CC5588800248BBC /* DINPro-Light.ttf */,
				02A375A22CC5588800248BBC /* DINPro-Medium.ttf */,
				02A375A32CC5588800248BBC /* DINPro-Regular.otf */,
				02A375A42CC5588800248BBC /* SourceHanSansCN-Heavy.otf */,
				02E8E1AF2D0AF15E00C68377 /* ARTZecoToolKit-Bridging-Header.h */,
				607FACDC1AFB9204008FA782 /* Images.xcassets */,
				607FACDE1AFB9204008FA782 /* LaunchScreen.xib */,
				607FACD41AFB9204008FA782 /* Info.plist */,
			);
			name = "Supporting Files";
			sourceTree = "<group>";
		};
		607FACE81AFB9204008FA782 /* Tests */ = {
			isa = PBXGroup;
			children = (
				607FACEB1AFB9204008FA782 /* Tests.swift */,
				607FACE91AFB9204008FA782 /* Supporting Files */,
			);
			path = Tests;
			sourceTree = "<group>";
		};
		607FACE91AFB9204008FA782 /* Supporting Files */ = {
			isa = PBXGroup;
			children = (
				607FACEA1AFB9204008FA782 /* Info.plist */,
			);
			name = "Supporting Files";
			sourceTree = "<group>";
		};
		607FACF51AFB993E008FA782 /* Podspec Metadata */ = {
			isa = PBXGroup;
			children = (
				A13A46B6F22885964AF67601 /* ARTZecoToolKit.podspec */,
				D8F7423B5C4DB1F56DAB0F07 /* README.md */,
				CB45B7B3F467FA99B0E4C6AD /* LICENSE */,
			);
			name = "Podspec Metadata";
			sourceTree = "<group>";
		};
		AA6940E68DEA193E2147EDAA /* Pods */ = {
			isa = PBXGroup;
			children = (
				A63906680CD7412AF2D3826F /* Pods-ARTZecoToolKit_Example.debug.xcconfig */,
				FB62E3843681E50A82325A7C /* Pods-ARTZecoToolKit_Example.release.xcconfig */,
				64C66A94BFBB8BB9FA70421F /* Pods-ARTZecoToolKit_Tests.debug.xcconfig */,
				B3D3030B4205F9C1FFDFF24B /* Pods-ARTZecoToolKit_Tests.release.xcconfig */,
			);
			path = Pods;
			sourceTree = "<group>";
		};
		F4B5B313BDA43698F08F6989 /* Frameworks */ = {
			isa = PBXGroup;
			children = (
				93254949C2F77EC4627A0C8B /* Pods_ARTZecoToolKit_Example.framework */,
				5D429E006CEEC3DDCA4A8053 /* Pods_ARTZecoToolKit_Tests.framework */,
			);
			name = Frameworks;
			sourceTree = "<group>";
		};
/* End PBXGroup section */

/* Begin PBXNativeTarget section */
		607FACCF1AFB9204008FA782 /* ARTZecoToolKit_Example */ = {
			isa = PBXNativeTarget;
			buildConfigurationList = 607FACEF1AFB9204008FA782 /* Build configuration list for PBXNativeTarget "ARTZecoToolKit_Example" */;
			buildPhases = (
				0B22B629A42AE9CBC3A03E3F /* [CP] Check Pods Manifest.lock */,
				607FACCC1AFB9204008FA782 /* Sources */,
				607FACCD1AFB9204008FA782 /* Frameworks */,
				607FACCE1AFB9204008FA782 /* Resources */,
				150F850CFA09C5A70B9CDE6E /* [CP] Embed Pods Frameworks */,
			);
			buildRules = (
			);
			dependencies = (
			);
			name = ARTZecoToolKit_Example;
			productName = ARTZecoToolKit;
			productReference = 607FACD01AFB9204008FA782 /* ARTZecoToolKit_Example.app */;
			productType = "com.apple.product-type.application";
		};
		607FACE41AFB9204008FA782 /* ARTZecoToolKit_Tests */ = {
			isa = PBXNativeTarget;
			buildConfigurationList = 607FACF21AFB9204008FA782 /* Build configuration list for PBXNativeTarget "ARTZecoToolKit_Tests" */;
			buildPhases = (
				02053FEF19C8630FDE6D87CC /* [CP] Check Pods Manifest.lock */,
				607FACE11AFB9204008FA782 /* Sources */,
				607FACE21AFB9204008FA782 /* Frameworks */,
				607FACE31AFB9204008FA782 /* Resources */,
			);
			buildRules = (
			);
			dependencies = (
				607FACE71AFB9204008FA782 /* PBXTargetDependency */,
			);
			name = ARTZecoToolKit_Tests;
			productName = Tests;
			productReference = 607FACE51AFB9204008FA782 /* ARTZecoToolKit_Tests.xctest */;
			productType = "com.apple.product-type.bundle.unit-test";
		};
/* End PBXNativeTarget section */

/* Begin PBXProject section */
		607FACC81AFB9204008FA782 /* Project object */ = {
			isa = PBXProject;
			attributes = {
				LastSwiftUpdateCheck = 0830;
				LastUpgradeCheck = 0830;
				ORGANIZATIONNAME = CocoaPods;
				TargetAttributes = {
					607FACCF1AFB9204008FA782 = {
						CreatedOnToolsVersion = 6.3.1;
						DevelopmentTeam = 875Z28YH6M;
						LastSwiftMigration = 0900;
					};
					607FACE41AFB9204008FA782 = {
						CreatedOnToolsVersion = 6.3.1;
						DevelopmentTeam = 875Z28YH6M;
						LastSwiftMigration = 0900;
						ProvisioningStyle = Automatic;
						TestTargetID = 607FACCF1AFB9204008FA782;
					};
				};
			};
			buildConfigurationList = 607FACCB1AFB9204008FA782 /* Build configuration list for PBXProject "ARTZecoToolKit" */;
			compatibilityVersion = "Xcode 3.2";
			developmentRegion = English;
			hasScannedForEncodings = 0;
			knownRegions = (
				English,
				en,
				Base,
			);
			mainGroup = 607FACC71AFB9204008FA782;
			productRefGroup = 607FACD11AFB9204008FA782 /* Products */;
			projectDirPath = "";
			projectRoot = "";
			targets = (
				607FACCF1AFB9204008FA782 /* ARTZecoToolKit_Example */,
				607FACE41AFB9204008FA782 /* ARTZecoToolKit_Tests */,
			);
		};
/* End PBXProject section */

/* Begin PBXResourcesBuildPhase section */
		607FACCE1AFB9204008FA782 /* Resources */ = {
			isa = PBXResourcesBuildPhase;
			buildActionMask = 2147483647;
			files = (
				0258B7AC2BFA845800AEB349 /* 4.png in Resources */,
				0258B7AD2BFA845800AEB349 /* 5.png in Resources */,
				02B4908D2C8AEA4C007F379A /* province.json in Resources */,
				02F8AE2B2BF66B3E00A111F6 /* 0.png in Resources */,
				02A375A52CC5588800248BBC /* SourceHanSansCN-Heavy.otf in Resources */,
				02A375A62CC5588800248BBC /* DINPro-Medium.ttf in Resources */,
				02A375A72CC5588800248BBC /* DINCond-Bold.otf in Resources */,
				02A375A82CC5588800248BBC /* DINPro-Light.ttf in Resources */,
				02A375A92CC5588800248BBC /* DINPro-Regular.otf in Resources */,
				02F8AE2F2BF66B3E00A111F6 /* hot_area_format_user.json in Resources */,
				02EC99432D6E304B00D040D3 /* RickAstley.mp4 in Resources */,
				02B4908C2C8AEA4C007F379A /* city.json in Resources */,
				02FC53422CF1B25E009794A4 /* privacy-policy.html in Resources */,
				02F8AE2C2BF66B3E00A111F6 /* 2.png in Resources */,
				0258B7AB2BFA845800AEB349 /* 3.png in Resources */,
				02F8AE2D2BF66B3E00A111F6 /* 1.png in Resources */,
				02D1BCC72D0AF8ED0075BF64 /* video_loading.pag in Resources */,
				02B4908E2C8AEA4C007F379A /* street.json in Resources */,
				0250693E2D01BEE9009637ED /* zeco-test.html in Resources */,
				0235E28F2C794B30003DEFA8 /* portrait.jpg in Resources */,
				02BE325C2CC9C9DC00F25937 /* video.MP4 in Resources */,
				02B4908B2C8AEA4C007F379A /* county.json in Resources */,
				607FACE01AFB9204008FA782 /* LaunchScreen.xib in Resources */,
				02F8AE2E2BF66B3E00A111F6 /* area_format_user.json in Resources */,
				607FACDD1AFB9204008FA782 /* Images.xcassets in Resources */,
			);
			runOnlyForDeploymentPostprocessing = 0;
		};
		607FACE31AFB9204008FA782 /* Resources */ = {
			isa = PBXResourcesBuildPhase;
			buildActionMask = 2147483647;
			files = (
			);
			runOnlyForDeploymentPostprocessing = 0;
		};
/* End PBXResourcesBuildPhase section */

/* Begin PBXShellScriptBuildPhase section */
		02053FEF19C8630FDE6D87CC /* [CP] Check Pods Manifest.lock */ = {
			isa = PBXShellScriptBuildPhase;
			buildActionMask = 2147483647;
			files = (
			);
			inputFileListPaths = (
			);
			inputPaths = (
				"${PODS_PODFILE_DIR_PATH}/Podfile.lock",
				"${PODS_ROOT}/Manifest.lock",
			);
			name = "[CP] Check Pods Manifest.lock";
			outputFileListPaths = (
			);
			outputPaths = (
				"$(DERIVED_FILE_DIR)/Pods-ARTZecoToolKit_Tests-checkManifestLockResult.txt",
			);
			runOnlyForDeploymentPostprocessing = 0;
			shellPath = /bin/sh;
			shellScript = "diff \"${PODS_PODFILE_DIR_PATH}/Podfile.lock\" \"${PODS_ROOT}/Manifest.lock\" > /dev/null\nif [ $? != 0 ] ; then\n    # print error to STDERR\n    echo \"error: The sandbox is not in sync with the Podfile.lock. Run 'pod install' or update your CocoaPods installation.\" >&2\n    exit 1\nfi\n# This output is used by Xcode 'outputs' to avoid re-running this script phase.\necho \"SUCCESS\" > \"${SCRIPT_OUTPUT_FILE_0}\"\n";
			showEnvVarsInLog = 0;
		};
		0B22B629A42AE9CBC3A03E3F /* [CP] Check Pods Manifest.lock */ = {
			isa = PBXShellScriptBuildPhase;
			buildActionMask = 2147483647;
			files = (
			);
			inputFileListPaths = (
			);
			inputPaths = (
				"${PODS_PODFILE_DIR_PATH}/Podfile.lock",
				"${PODS_ROOT}/Manifest.lock",
			);
			name = "[CP] Check Pods Manifest.lock";
			outputFileListPaths = (
			);
			outputPaths = (
				"$(DERIVED_FILE_DIR)/Pods-ARTZecoToolKit_Example-checkManifestLockResult.txt",
			);
			runOnlyForDeploymentPostprocessing = 0;
			shellPath = /bin/sh;
			shellScript = "diff \"${PODS_PODFILE_DIR_PATH}/Podfile.lock\" \"${PODS_ROOT}/Manifest.lock\" > /dev/null\nif [ $? != 0 ] ; then\n    # print error to STDERR\n    echo \"error: The sandbox is not in sync with the Podfile.lock. Run 'pod install' or update your CocoaPods installation.\" >&2\n    exit 1\nfi\n# This output is used by Xcode 'outputs' to avoid re-running this script phase.\necho \"SUCCESS\" > \"${SCRIPT_OUTPUT_FILE_0}\"\n";
			showEnvVarsInLog = 0;
		};
		150F850CFA09C5A70B9CDE6E /* [CP] Embed Pods Frameworks */ = {
			isa = PBXShellScriptBuildPhase;
			buildActionMask = 2147483647;
			files = (
			);
			inputPaths = (
				"${PODS_ROOT}/Target Support Files/Pods-ARTZecoToolKit_Example/Pods-ARTZecoToolKit_Example-frameworks.sh",
				"${BUILT_PRODUCTS_DIR}/ARTZecoToolKit/ARTZecoToolKit.framework",
				"${BUILT_PRODUCTS_DIR}/RxBlocking/RxBlocking.framework",
				"${BUILT_PRODUCTS_DIR}/RxCocoa/RxCocoa.framework",
				"${BUILT_PRODUCTS_DIR}/RxGesture/RxGesture.framework",
				"${BUILT_PRODUCTS_DIR}/RxRelay/RxRelay.framework",
				"${BUILT_PRODUCTS_DIR}/RxSwift/RxSwift.framework",
				"${BUILT_PRODUCTS_DIR}/SDWebImage/SDWebImage.framework",
				"${BUILT_PRODUCTS_DIR}/SmartCodable/SmartCodable.framework",
				"${BUILT_PRODUCTS_DIR}/SnapKit/SnapKit.framework",
				"${BUILT_PRODUCTS_DIR}/YYText/YYText.framework",
				"${PODS_XCFRAMEWORKS_BUILD_DIR}/libpag/libpag.framework/libpag",
			);
			name = "[CP] Embed Pods Frameworks";
			outputPaths = (
				"${TARGET_BUILD_DIR}/${FRAMEWORKS_FOLDER_PATH}/ARTZecoToolKit.framework",
				"${TARGET_BUILD_DIR}/${FRAMEWORKS_FOLDER_PATH}/RxBlocking.framework",
				"${TARGET_BUILD_DIR}/${FRAMEWORKS_FOLDER_PATH}/RxCocoa.framework",
				"${TARGET_BUILD_DIR}/${FRAMEWORKS_FOLDER_PATH}/RxGesture.framework",
				"${TARGET_BUILD_DIR}/${FRAMEWORKS_FOLDER_PATH}/RxRelay.framework",
				"${TARGET_BUILD_DIR}/${FRAMEWORKS_FOLDER_PATH}/RxSwift.framework",
				"${TARGET_BUILD_DIR}/${FRAMEWORKS_FOLDER_PATH}/SDWebImage.framework",
				"${TARGET_BUILD_DIR}/${FRAMEWORKS_FOLDER_PATH}/SmartCodable.framework",
				"${TARGET_BUILD_DIR}/${FRAMEWORKS_FOLDER_PATH}/SnapKit.framework",
				"${TARGET_BUILD_DIR}/${FRAMEWORKS_FOLDER_PATH}/YYText.framework",
				"${TARGET_BUILD_DIR}/${FRAMEWORKS_FOLDER_PATH}/libpag.framework",
			);
			runOnlyForDeploymentPostprocessing = 0;
			shellPath = /bin/sh;
			shellScript = "\"${PODS_ROOT}/Target Support Files/Pods-ARTZecoToolKit_Example/Pods-ARTZecoToolKit_Example-frameworks.sh\"\n";
			showEnvVarsInLog = 0;
		};
/* End PBXShellScriptBuildPhase section */

/* Begin PBXSourcesBuildPhase section */
		607FACCC1AFB9204008FA782 /* Sources */ = {
			isa = PBXSourcesBuildPhase;
			buildActionMask = 2147483647;
			files = (
				0222B4432C35A9F600FA82B7 /* ARTViewController_StartRating.swift in Sources */,
				02F8AE552BF67E7E00A111F6 /* ARTViewController_SlideBar.swift in Sources */,
				02F8AE502BF67E7E00A111F6 /* ARTViewController_ScrollView.swift in Sources */,
				02F8AE4C2BF67E7E00A111F6 /* ARTViewController_CitySelector.swift in Sources */,
				0258B7AF2BFA851400AEB349 /* ARTViewController_VideoPlayer.swift in Sources */,
				02F8AE4F2BF67E7E00A111F6 /* ARTViewController_SlidePopup.swift in Sources */,
				025D29312D1046470022FA6E /* ARTVideoPlayerEnhancedWrapperViewDelegate.swift in Sources */,
				025D29322D1046470022FA6E /* ARTVideoPlayerEnhancedWrapperView.swift in Sources */,
				025D29332D1046470022FA6E /* ARTVideoPlayerEnhancedWrapperView+DelegateImplementations.swift in Sources */,
				607FACD61AFB9204008FA782 /* AppDelegate.swift in Sources */,
				0292ECA72C733B7A00D08248 /* ARTViewController+WebView.swift in Sources */,
				023F976D2C32F5A1009CD62B /* ARTViewController_AlertView.swift in Sources */,
				026A7B6C2C3431AE00D3134E /* ARTViewController_ActionSheet.swift in Sources */,
				02F8AE512BF67E7E00A111F6 /* ARTViewController_AlertController.swift in Sources */,
				02F8AE542BF67E7E00A111F6 /* ARTViewController_Debug.swift in Sources */,
				02F8AE4E2BF67E7E00A111F6 /* ARTViewController_CollectionView.swift in Sources */,
				024F9A4F2C456D50008DF3AB /* ARTViewController_PhotoBrowser.swift in Sources */,
				025D29982C48459D00F611D6 /* ARTViewController_Carousel.swift in Sources */,
				0282385F2BFDA517007B6A25 /* ARTViewController_AlignmentButton.swift in Sources */,
				025AF79B2CEBE271009643E2 /* ARTViewController+DanmakuView.swift in Sources */,
				02E984702D08C8000052C36A /* ARTWebCustomViewController.swift in Sources */,
				02E984712D08C8000052C36A /* ARTEnhancedDanmakuCell.swift in Sources */,
				02E984722D08C8000052C36A /* ARTCollectionViewModel.swift in Sources */,
				025D29A12D10BF710022FA6E /* ARTVideoPlayerPortraitShareView.swift in Sources */,
				025D29A22D10BF710022FA6E /* ARTVideoPlayerLandscapeSlidingView.swift in Sources */,
				025D29A32D10BF710022FA6E /* ARTVideoPlayerLoadingView.swift in Sources */,
				025D29A52D10BF710022FA6E /* ARTVideoPlayerPortraitBarrageView.swift in Sources */,
				025D29A62D10BF710022FA6E /* ARTVideoPlayerOverlayView.swift in Sources */,
				025D29A82D10BF710022FA6E /* ARTVideoPlayerPortraitDanmakuView.swift in Sources */,
				025D29A92D10BF710022FA6E /* ARTVideoPlayerPortraitBarrageHeader.swift in Sources */,
				025D29AA2D10BF710022FA6E /* ARTVideoPlayerPortraitSlidingView.swift in Sources */,
				02E1AF422D6B7F5E00C5531B /* ARTVideoPlayerLandscapeChaptersView+CollectionView.swift in Sources */,
				02E1AF432D6B7F5E00C5531B /* ARTVideoPlayerLandscapeChaptersCell.swift in Sources */,
				02E1AF442D6B7F5E00C5531B /* ARTVideoPlayerLandscapeChaptersView.swift in Sources */,
				025D29AB2D10BF710022FA6E /* ARTVideoPlayerLandscapeDanmakuView+CollectionView.swift in Sources */,
				025D29AC2D10BF710022FA6E /* ARTVideoPlayerLandscapePlaybackRateView+CollectionView.swift in Sources */,
				025D29AD2D10BF710022FA6E /* ARTVideoPlayerPortraitShareHeader.swift in Sources */,
				025D29AE2D10BF710022FA6E /* ARTVideoPlayerLandscapePlaybackRateView.swift in Sources */,
				025D29AF2D10BF710022FA6E /* ARTVideoPlayerDisplayView.swift in Sources */,
				025D29B02D10BF710022FA6E /* ARTVideoPlayerPortraitShareEntity.swift in Sources */,
				025D29B22D10BF710022FA6E /* ARTVideoPlayerPortraitShareCell.swift in Sources */,
				025D29B32D10BF710022FA6E /* ARTVideoPlayerPortraitBarrageCell.swift in Sources */,
				025D29B42D10BF710022FA6E /* ARTVideoPlayerSlidingViewDelegate.swift in Sources */,
				025D29B52D10BF710022FA6E /* ARTVideoPlayerSystemControls.swift in Sources */,
				025D29B62D10BF710022FA6E /* ARTVideoPlayerLandscapeDanmakuCell.swift in Sources */,
				025D29B72D10BF710022FA6E /* ARTVideoPlayerLandscapePlaybackRateCell.swift in Sources */,
				025D29B82D10BF710022FA6E /* ARTVideoPlayerLandscapeDanmakuView.swift in Sources */,
				025D29B92D10BF710022FA6E /* ARTVideoPlayerGeneralDanmakuEntity.swift in Sources */,
				02E984732D08C8000052C36A /* ARTCollectionCell.swift in Sources */,
				02E984742D08C8000052C36A /* ARTSecondCarouselCell.swift in Sources */,
				0242B1912D69E58200E45B5F /* ARTPagView.swift in Sources */,
				02E984752D08C8000052C36A /* ARTBaseViewController.swift in Sources */,
				02AB41082D7C8BDE0023B638 /* ARTViewController_VideoPlayer+DelegateImplementations.swift in Sources */,
				02E984762D08C8000052C36A /* ARTCarouselEntity.swift in Sources */,
				02E984772D08C8000052C36A /* ARTViewController+CollectionView.swift in Sources */,
				02E984782D08C8000052C36A /* ARTBaseNavigationController.swift in Sources */,
				025D29662D1096930022FA6E /* ARTVideoPlayerLandscapeFullscreenBottombar.swift in Sources */,
				025D29672D1096930022FA6E /* ARTVideoPlayerBottombar.swift in Sources */,
				025D29682D1096930022FA6E /* ARTVideoPlayerSlider.swift in Sources */,
				025D29692D1096930022FA6E /* ARTVideoPlayerPortraitFullscreenBottombar.swift in Sources */,
				025D296A2D1096930022FA6E /* ARTVideoPlayerWindowTopbar.swift in Sources */,
				025D296B2D1096930022FA6E /* ARTVideoPlayerControlsViewDelegate.swift in Sources */,
				025D296C2D1096930022FA6E /* ARTVideoPlayerControlsView.swift in Sources */,
				025D296D2D1096930022FA6E /* ARTVideoPlayerWindowBottombar.swift in Sources */,
				025D296E2D1096930022FA6E /* ARTVideoPlayerPortraitFullscreenTopbar.swift in Sources */,
				02AB41062D7C85760023B638 /* ARTVideoPlayerControlsViewEnums.swift in Sources */,
				025D296F2D1096930022FA6E /* ARTVideoPlayerControlsView+DelegateImplementations.swift in Sources */,
				025D29702D1096930022FA6E /* ARTVideoPlayerLandscapeFullscreenTopbar.swift in Sources */,
				025D29712D1096930022FA6E /* ARTVideoPlayerTopbar.swift in Sources */,
				02E984792D08C8000052C36A /* ARTControllerNavigationBar.swift in Sources */,
				02E9847A2D08C8000052C36A /* ARTCollectionFooter.swift in Sources */,
				02E9847B2D08C8000052C36A /* ARTCollectionHeader.swift in Sources */,
				02E9847C2D08C8000052C36A /* ARTCollectionEntity.swift in Sources */,
				02E9847D2D08C8000052C36A /* CollectionSectionProtocol.swift in Sources */,
				02E9847E2D08C8000052C36A /* ARTFirstCarouselCell.swift in Sources */,
				02E9847F2D08C8000052C36A /* ARTControllerBottomBar.swift in Sources */,
				02E984802D08C8000052C36A /* ARTBaseTabBarController.swift in Sources */,
				02F8AE532BF67E7E00A111F6 /* ARTViewController_Quantity.swift in Sources */,
				0258CA9E2C03995300A486E7 /* ARTViewController_PageViewController.swift in Sources */,
			);
			runOnlyForDeploymentPostprocessing = 0;
		};
		607FACE11AFB9204008FA782 /* Sources */ = {
			isa = PBXSourcesBuildPhase;
			buildActionMask = 2147483647;
			files = (
				607FACEC1AFB9204008FA782 /* Tests.swift in Sources */,
			);
			runOnlyForDeploymentPostprocessing = 0;
		};
/* End PBXSourcesBuildPhase section */

/* Begin PBXTargetDependency section */
		607FACE71AFB9204008FA782 /* PBXTargetDependency */ = {
			isa = PBXTargetDependency;
			target = 607FACCF1AFB9204008FA782 /* ARTZecoToolKit_Example */;
			targetProxy = 607FACE61AFB9204008FA782 /* PBXContainerItemProxy */;
		};
/* End PBXTargetDependency section */

/* Begin PBXVariantGroup section */
		607FACDE1AFB9204008FA782 /* LaunchScreen.xib */ = {
			isa = PBXVariantGroup;
			children = (
				607FACDF1AFB9204008FA782 /* Base */,
			);
			name = LaunchScreen.xib;
			sourceTree = "<group>";
		};
/* End PBXVariantGroup section */

/* Begin XCBuildConfiguration section */
		607FACED1AFB9204008FA782 /* Debug */ = {
			isa = XCBuildConfiguration;
			buildSettings = {
				ALWAYS_SEARCH_USER_PATHS = NO;
				CLANG_CXX_LANGUAGE_STANDARD = "gnu++0x";
				CLANG_CXX_LIBRARY = "libc++";
				CLANG_ENABLE_MODULES = YES;
				CLANG_ENABLE_OBJC_ARC = YES;
				CLANG_WARN_BLOCK_CAPTURE_AUTORELEASING = YES;
				CLANG_WARN_BOOL_CONVERSION = YES;
				CLANG_WARN_COMMA = YES;
				CLANG_WARN_CONSTANT_CONVERSION = YES;
				CLANG_WARN_DIRECT_OBJC_ISA_USAGE = YES_ERROR;
				CLANG_WARN_EMPTY_BODY = YES;
				CLANG_WARN_ENUM_CONVERSION = YES;
				CLANG_WARN_INFINITE_RECURSION = YES;
				CLANG_WARN_INT_CONVERSION = YES;
				CLANG_WARN_NON_LITERAL_NULL_CONVERSION = YES;
				CLANG_WARN_OBJC_LITERAL_CONVERSION = YES;
				CLANG_WARN_OBJC_ROOT_CLASS = YES_ERROR;
				CLANG_WARN_RANGE_LOOP_ANALYSIS = YES;
				CLANG_WARN_STRICT_PROTOTYPES = YES;
				CLANG_WARN_SUSPICIOUS_MOVE = YES;
				CLANG_WARN_UNREACHABLE_CODE = YES;
				CLANG_WARN__DUPLICATE_METHOD_MATCH = YES;
				"CODE_SIGN_IDENTITY[sdk=iphoneos*]" = "iPhone Developer";
				COPY_PHASE_STRIP = NO;
				DEBUG_INFORMATION_FORMAT = "dwarf-with-dsym";
				ENABLE_STRICT_OBJC_MSGSEND = YES;
				ENABLE_TESTABILITY = YES;
				GCC_C_LANGUAGE_STANDARD = gnu99;
				GCC_DYNAMIC_NO_PIC = NO;
				GCC_NO_COMMON_BLOCKS = YES;
				GCC_OPTIMIZATION_LEVEL = 0;
				GCC_PREPROCESSOR_DEFINITIONS = (
					"DEBUG=1",
					"$(inherited)",
				);
				GCC_SYMBOLS_PRIVATE_EXTERN = NO;
				GCC_WARN_64_TO_32_BIT_CONVERSION = YES;
				GCC_WARN_ABOUT_RETURN_TYPE = YES_ERROR;
				GCC_WARN_UNDECLARED_SELECTOR = YES;
				GCC_WARN_UNINITIALIZED_AUTOS = YES_AGGRESSIVE;
				GCC_WARN_UNUSED_FUNCTION = YES;
				GCC_WARN_UNUSED_VARIABLE = YES;
				IPHONEOS_DEPLOYMENT_TARGET = 13.0;
				MTL_ENABLE_DEBUG_INFO = YES;
				ONLY_ACTIVE_ARCH = YES;
				SDKROOT = iphoneos;
				SWIFT_OPTIMIZATION_LEVEL = "-Onone";
			};
			name = Debug;
		};
		607FACEE1AFB9204008FA782 /* Release */ = {
			isa = XCBuildConfiguration;
			buildSettings = {
				ALWAYS_SEARCH_USER_PATHS = NO;
				CLANG_CXX_LANGUAGE_STANDARD = "gnu++0x";
				CLANG_CXX_LIBRARY = "libc++";
				CLANG_ENABLE_MODULES = YES;
				CLANG_ENABLE_OBJC_ARC = YES;
				CLANG_WARN_BLOCK_CAPTURE_AUTORELEASING = YES;
				CLANG_WARN_BOOL_CONVERSION = YES;
				CLANG_WARN_COMMA = YES;
				CLANG_WARN_CONSTANT_CONVERSION = YES;
				CLANG_WARN_DIRECT_OBJC_ISA_USAGE = YES_ERROR;
				CLANG_WARN_EMPTY_BODY = YES;
				CLANG_WARN_ENUM_CONVERSION = YES;
				CLANG_WARN_INFINITE_RECURSION = YES;
				CLANG_WARN_INT_CONVERSION = YES;
				CLANG_WARN_NON_LITERAL_NULL_CONVERSION = YES;
				CLANG_WARN_OBJC_LITERAL_CONVERSION = YES;
				CLANG_WARN_OBJC_ROOT_CLASS = YES_ERROR;
				CLANG_WARN_RANGE_LOOP_ANALYSIS = YES;
				CLANG_WARN_STRICT_PROTOTYPES = YES;
				CLANG_WARN_SUSPICIOUS_MOVE = YES;
				CLANG_WARN_UNREACHABLE_CODE = YES;
				CLANG_WARN__DUPLICATE_METHOD_MATCH = YES;
				"CODE_SIGN_IDENTITY[sdk=iphoneos*]" = "iPhone Developer";
				COPY_PHASE_STRIP = NO;
				DEBUG_INFORMATION_FORMAT = "dwarf-with-dsym";
				ENABLE_NS_ASSERTIONS = NO;
				ENABLE_STRICT_OBJC_MSGSEND = YES;
				GCC_C_LANGUAGE_STANDARD = gnu99;
				GCC_NO_COMMON_BLOCKS = YES;
				GCC_WARN_64_TO_32_BIT_CONVERSION = YES;
				GCC_WARN_ABOUT_RETURN_TYPE = YES_ERROR;
				GCC_WARN_UNDECLARED_SELECTOR = YES;
				GCC_WARN_UNINITIALIZED_AUTOS = YES_AGGRESSIVE;
				GCC_WARN_UNUSED_FUNCTION = YES;
				GCC_WARN_UNUSED_VARIABLE = YES;
				IPHONEOS_DEPLOYMENT_TARGET = 13.0;
				MTL_ENABLE_DEBUG_INFO = NO;
				SDKROOT = iphoneos;
				SWIFT_OPTIMIZATION_LEVEL = "-Owholemodule";
				VALIDATE_PRODUCT = YES;
			};
			name = Release;
		};
		607FACF01AFB9204008FA782 /* Debug */ = {
			isa = XCBuildConfiguration;
			baseConfigurationReference = A63906680CD7412AF2D3826F /* Pods-ARTZecoToolKit_Example.debug.xcconfig */;
			buildSettings = {
				ASSETCATALOG_COMPILER_APPICON_NAME = AppIcon;
				DEVELOPMENT_TEAM = 875Z28YH6M;
				INFOPLIST_FILE = ARTZecoToolKit/Info.plist;
				IPHONEOS_DEPLOYMENT_TARGET = 13.0;
				LD_RUNPATH_SEARCH_PATHS = "$(inherited) @executable_path/Frameworks";
				MODULE_NAME = ExampleApp;
				PRODUCT_BUNDLE_IDENTIFIER = com.wxfz.zeco;
				PRODUCT_NAME = "$(TARGET_NAME)";
				SWIFT_OBJC_BRIDGING_HEADER = "ARTZecoToolKit/ARTZecoToolKit-Bridging-Header.h";
				SWIFT_SWIFT3_OBJC_INFERENCE = Default;
				SWIFT_VERSION = 5.0;
			};
			name = Debug;
		};
		607FACF11AFB9204008FA782 /* Release */ = {
			isa = XCBuildConfiguration;
			baseConfigurationReference = FB62E3843681E50A82325A7C /* Pods-ARTZecoToolKit_Example.release.xcconfig */;
			buildSettings = {
				ASSETCATALOG_COMPILER_APPICON_NAME = AppIcon;
				DEVELOPMENT_TEAM = 875Z28YH6M;
				INFOPLIST_FILE = ARTZecoToolKit/Info.plist;
				IPHONEOS_DEPLOYMENT_TARGET = 13.0;
				LD_RUNPATH_SEARCH_PATHS = "$(inherited) @executable_path/Frameworks";
				MODULE_NAME = ExampleApp;
				PRODUCT_BUNDLE_IDENTIFIER = com.wxfz.zeco;
				PRODUCT_NAME = "$(TARGET_NAME)";
				SWIFT_OBJC_BRIDGING_HEADER = "ARTZecoToolKit/ARTZecoToolKit-Bridging-Header.h";
				SWIFT_SWIFT3_OBJC_INFERENCE = Default;
				SWIFT_VERSION = 5.0;
			};
			name = Release;
		};
		607FACF31AFB9204008FA782 /* Debug */ = {
			isa = XCBuildConfiguration;
			baseConfigurationReference = 64C66A94BFBB8BB9FA70421F /* Pods-ARTZecoToolKit_Tests.debug.xcconfig */;
			buildSettings = {
				CODE_SIGN_IDENTITY = "Apple Development";
				CODE_SIGN_STYLE = Automatic;
				DEVELOPMENT_TEAM = 875Z28YH6M;
				FRAMEWORK_SEARCH_PATHS = (
					"$(PLATFORM_DIR)/Developer/Library/Frameworks",
					"$(inherited)",
				);
				GCC_PREPROCESSOR_DEFINITIONS = (
					"DEBUG=1",
					"$(inherited)",
				);
				INFOPLIST_FILE = Tests/Info.plist;
				LD_RUNPATH_SEARCH_PATHS = "$(inherited) @executable_path/Frameworks @loader_path/Frameworks";
				PRODUCT_BUNDLE_IDENTIFIER = com.wxfz.zeco;
				PRODUCT_NAME = "$(TARGET_NAME)";
				PROVISIONING_PROFILE_SPECIFIER = "";
				SWIFT_SWIFT3_OBJC_INFERENCE = Default;
				SWIFT_VERSION = 5.0;
				TEST_HOST = "$(BUILT_PRODUCTS_DIR)/ARTZecoToolKit_Example.app/ARTZecoToolKit_Example";
			};
			name = Debug;
		};
		607FACF41AFB9204008FA782 /* Release */ = {
			isa = XCBuildConfiguration;
			baseConfigurationReference = B3D3030B4205F9C1FFDFF24B /* Pods-ARTZecoToolKit_Tests.release.xcconfig */;
			buildSettings = {
				CODE_SIGN_IDENTITY = "Apple Development";
				CODE_SIGN_STYLE = Automatic;
				DEVELOPMENT_TEAM = 875Z28YH6M;
				FRAMEWORK_SEARCH_PATHS = (
					"$(PLATFORM_DIR)/Developer/Library/Frameworks",
					"$(inherited)",
				);
				INFOPLIST_FILE = Tests/Info.plist;
				LD_RUNPATH_SEARCH_PATHS = "$(inherited) @executable_path/Frameworks @loader_path/Frameworks";
				PRODUCT_BUNDLE_IDENTIFIER = com.wxfz.zeco;
				PRODUCT_NAME = "$(TARGET_NAME)";
				PROVISIONING_PROFILE_SPECIFIER = "";
				SWIFT_SWIFT3_OBJC_INFERENCE = Default;
				SWIFT_VERSION = 5.0;
				TEST_HOST = "$(BUILT_PRODUCTS_DIR)/ARTZecoToolKit_Example.app/ARTZecoToolKit_Example";
			};
			name = Release;
		};
/* End XCBuildConfiguration section */

/* Begin XCConfigurationList section */
		607FACCB1AFB9204008FA782 /* Build configuration list for PBXProject "ARTZecoToolKit" */ = {
			isa = XCConfigurationList;
			buildConfigurations = (
				607FACED1AFB9204008FA782 /* Debug */,
				607FACEE1AFB9204008FA782 /* Release */,
			);
			defaultConfigurationIsVisible = 0;
			defaultConfigurationName = Release;
		};
		607FACEF1AFB9204008FA782 /* Build configuration list for PBXNativeTarget "ARTZecoToolKit_Example" */ = {
			isa = XCConfigurationList;
			buildConfigurations = (
				607FACF01AFB9204008FA782 /* Debug */,
				607FACF11AFB9204008FA782 /* Release */,
			);
			defaultConfigurationIsVisible = 0;
			defaultConfigurationName = Release;
		};
		607FACF21AFB9204008FA782 /* Build configuration list for PBXNativeTarget "ARTZecoToolKit_Tests" */ = {
			isa = XCConfigurationList;
			buildConfigurations = (
				607FACF31AFB9204008FA782 /* Debug */,
				607FACF41AFB9204008FA782 /* Release */,
			);
			defaultConfigurationIsVisible = 0;
			defaultConfigurationName = Release;
		};
/* End XCConfigurationList section */
	};
	rootObject = 607FACC81AFB9204008FA782 /* Project object */;
}
