// !$*UTF8*$!
{
	archiveVersion = 1;
	classes = {
	};
	objectVersion = 46;
	objects = {

/* Begin PBXBuildFile section */
		0209353E2C73EE3A00696C0F /* ARTWebCustomViewController.swift in Sources */ = {isa = PBXBuildFile; fileRef = 0209353D2C73EE3A00696C0F /* ARTWebCustomViewController.swift */; };
		0222B4432C35A9F600FA82B7 /* ARTViewController_StartRating.swift in Sources */ = {isa = PBXBuildFile; fileRef = 0222B4422C35A9F600FA82B7 /* ARTViewController_StartRating.swift */; };
		022E01232C429EB50069BA7A /* CollectionSectionProtocol.swift in Sources */ = {isa = PBXBuildFile; fileRef = 022E01222C429EB50069BA7A /* CollectionSectionProtocol.swift */; };
		023F976D2C32F5A1009CD62B /* ARTViewController_AlertView.swift in Sources */ = {isa = PBXBuildFile; fileRef = 023F976C2C32F5A1009CD62B /* ARTViewController_AlertView.swift */; };
		024F9A4F2C456D50008DF3AB /* ARTViewController_PhotoBrowser.swift in Sources */ = {isa = PBXBuildFile; fileRef = 024F9A4E2C456D50008DF3AB /* ARTViewController_PhotoBrowser.swift */; };
		0258B7AB2BFA845800AEB349 /* 3.png in Resources */ = {isa = PBXBuildFile; fileRef = 0258B7A82BFA845800AEB349 /* 3.png */; };
		0258B7AC2BFA845800AEB349 /* 4.png in Resources */ = {isa = PBXBuildFile; fileRef = 0258B7A92BFA845800AEB349 /* 4.png */; };
		0258B7AD2BFA845800AEB349 /* 5.png in Resources */ = {isa = PBXBuildFile; fileRef = 0258B7AA2BFA845800AEB349 /* 5.png */; };
		0258B7AF2BFA851400AEB349 /* ARTViewController_VideoPlayer.swift in Sources */ = {isa = PBXBuildFile; fileRef = 0258B7AE2BFA851400AEB349 /* ARTViewController_VideoPlayer.swift */; };
		0258B7B12BFA862B00AEB349 /* video.MOV in Resources */ = {isa = PBXBuildFile; fileRef = 0258B7B02BFA862B00AEB349 /* video.MOV */; };
		0258CA9E2C03995300A486E7 /* ARTViewController_PageViewController.swift in Sources */ = {isa = PBXBuildFile; fileRef = 0258CA9D2C03995300A486E7 /* ARTViewController_PageViewController.swift */; };
		025D29982C48459D00F611D6 /* ARTViewController_Carousel.swift in Sources */ = {isa = PBXBuildFile; fileRef = 025D29972C48459D00F611D6 /* ARTViewController_Carousel.swift */; };
		026A7B6C2C3431AE00D3134E /* ARTViewController_ActionSheet.swift in Sources */ = {isa = PBXBuildFile; fileRef = 026A7B6B2C3431AE00D3134E /* ARTViewController_ActionSheet.swift */; };
		0282385F2BFDA517007B6A25 /* ARTViewController_AlignmentButton.swift in Sources */ = {isa = PBXBuildFile; fileRef = 0282385E2BFDA517007B6A25 /* ARTViewController_AlignmentButton.swift */; };
		0292ECA72C733B7A00D08248 /* ARTViewController+WebView.swift in Sources */ = {isa = PBXBuildFile; fileRef = 0292ECA62C733B7A00D08248 /* ARTViewController+WebView.swift */; };
		0298808B2C46E3EF00176ED3 /* ARTControllerNavigationBar.swift in Sources */ = {isa = PBXBuildFile; fileRef = 0298808A2C46E3EF00176ED3 /* ARTControllerNavigationBar.swift */; };
		029880902C46E97C00176ED3 /* ARTControllerBottomBar.swift in Sources */ = {isa = PBXBuildFile; fileRef = 0298808F2C46E97C00176ED3 /* ARTControllerBottomBar.swift */; };
		02BB292D2C49671100DE706C /* ARTFirstCarouselCell.swift in Sources */ = {isa = PBXBuildFile; fileRef = 02BB292C2C49671100DE706C /* ARTFirstCarouselCell.swift */; };
		02BB292F2C49673200DE706C /* ARTSecondCarouselCell.swift in Sources */ = {isa = PBXBuildFile; fileRef = 02BB292E2C49673200DE706C /* ARTSecondCarouselCell.swift */; };
		02C95B412C42700600200438 /* ARTViewController+CollectionView.swift in Sources */ = {isa = PBXBuildFile; fileRef = 02C95B402C42700600200438 /* ARTViewController+CollectionView.swift */; };
		02C95B442C42705D00200438 /* ARTCollectionViewModel.swift in Sources */ = {isa = PBXBuildFile; fileRef = 02C95B432C42705D00200438 /* ARTCollectionViewModel.swift */; };
		02C95B482C42723500200438 /* ARTCollectionCell.swift in Sources */ = {isa = PBXBuildFile; fileRef = 02C95B472C42723500200438 /* ARTCollectionCell.swift */; };
		02C95B4B2C42725E00200438 /* ARTCollectionHeader.swift in Sources */ = {isa = PBXBuildFile; fileRef = 02C95B4A2C42725E00200438 /* ARTCollectionHeader.swift */; };
		02C95B4D2C42727100200438 /* ARTCollectionFooter.swift in Sources */ = {isa = PBXBuildFile; fileRef = 02C95B4C2C42727100200438 /* ARTCollectionFooter.swift */; };
		02C95B502C42748900200438 /* ARTCollectionEntity.swift in Sources */ = {isa = PBXBuildFile; fileRef = 02C95B4F2C42748900200438 /* ARTCollectionEntity.swift */; };
		02CD6CFD2C4B313C00193545 /* ARTCarouselEntity.swift in Sources */ = {isa = PBXBuildFile; fileRef = 02CD6CFC2C4B313C00193545 /* ARTCarouselEntity.swift */; };
		02F8AE2B2BF66B3E00A111F6 /* 0.png in Resources */ = {isa = PBXBuildFile; fileRef = 02F8AE262BF66B3D00A111F6 /* 0.png */; };
		02F8AE2C2BF66B3E00A111F6 /* 2.png in Resources */ = {isa = PBXBuildFile; fileRef = 02F8AE272BF66B3D00A111F6 /* 2.png */; };
		02F8AE2D2BF66B3E00A111F6 /* 1.png in Resources */ = {isa = PBXBuildFile; fileRef = 02F8AE282BF66B3D00A111F6 /* 1.png */; };
		02F8AE2E2BF66B3E00A111F6 /* area_format_user.json in Resources */ = {isa = PBXBuildFile; fileRef = 02F8AE292BF66B3E00A111F6 /* area_format_user.json */; };
		02F8AE2F2BF66B3E00A111F6 /* hot_area_format_user.json in Resources */ = {isa = PBXBuildFile; fileRef = 02F8AE2A2BF66B3E00A111F6 /* hot_area_format_user.json */; };
		02F8AE312BF66BCE00A111F6 /* ARTBaseViewController.swift in Sources */ = {isa = PBXBuildFile; fileRef = 02F8AE302BF66BCE00A111F6 /* ARTBaseViewController.swift */; };
		02F8AE4C2BF67E7E00A111F6 /* ARTViewController_CitySelector.swift in Sources */ = {isa = PBXBuildFile; fileRef = 02F8AE422BF67E7E00A111F6 /* ARTViewController_CitySelector.swift */; };
		02F8AE4D2BF67E7E00A111F6 /* ARTBaseTabBarController.swift in Sources */ = {isa = PBXBuildFile; fileRef = 02F8AE432BF67E7E00A111F6 /* ARTBaseTabBarController.swift */; };
		02F8AE4E2BF67E7E00A111F6 /* ARTViewController_CollectionView.swift in Sources */ = {isa = PBXBuildFile; fileRef = 02F8AE442BF67E7E00A111F6 /* ARTViewController_CollectionView.swift */; };
		02F8AE4F2BF67E7E00A111F6 /* ARTViewController_SlidePopup.swift in Sources */ = {isa = PBXBuildFile; fileRef = 02F8AE452BF67E7E00A111F6 /* ARTViewController_SlidePopup.swift */; };
		02F8AE502BF67E7E00A111F6 /* ARTViewController_ScrollView.swift in Sources */ = {isa = PBXBuildFile; fileRef = 02F8AE462BF67E7E00A111F6 /* ARTViewController_ScrollView.swift */; };
		02F8AE512BF67E7E00A111F6 /* ARTViewController_AlertController.swift in Sources */ = {isa = PBXBuildFile; fileRef = 02F8AE472BF67E7E00A111F6 /* ARTViewController_AlertController.swift */; };
		02F8AE522BF67E7E00A111F6 /* ARTBaseNavigationController.swift in Sources */ = {isa = PBXBuildFile; fileRef = 02F8AE482BF67E7E00A111F6 /* ARTBaseNavigationController.swift */; };
		02F8AE532BF67E7E00A111F6 /* ARTViewController_Quantity.swift in Sources */ = {isa = PBXBuildFile; fileRef = 02F8AE492BF67E7E00A111F6 /* ARTViewController_Quantity.swift */; };
		02F8AE542BF67E7E00A111F6 /* ARTViewController_Debug.swift in Sources */ = {isa = PBXBuildFile; fileRef = 02F8AE4A2BF67E7E00A111F6 /* ARTViewController_Debug.swift */; };
		02F8AE552BF67E7E00A111F6 /* ARTViewController_SlideBar.swift in Sources */ = {isa = PBXBuildFile; fileRef = 02F8AE4B2BF67E7E00A111F6 /* ARTViewController_SlideBar.swift */; };
		607FACD61AFB9204008FA782 /* AppDelegate.swift in Sources */ = {isa = PBXBuildFile; fileRef = 607FACD51AFB9204008FA782 /* AppDelegate.swift */; };
		607FACDD1AFB9204008FA782 /* Images.xcassets in Resources */ = {isa = PBXBuildFile; fileRef = 607FACDC1AFB9204008FA782 /* Images.xcassets */; };
		607FACE01AFB9204008FA782 /* LaunchScreen.xib in Resources */ = {isa = PBXBuildFile; fileRef = 607FACDE1AFB9204008FA782 /* LaunchScreen.xib */; };
		607FACEC1AFB9204008FA782 /* Tests.swift in Sources */ = {isa = PBXBuildFile; fileRef = 607FACEB1AFB9204008FA782 /* Tests.swift */; };
		A1C9FAD4D0C49DBA793D1525 /* Pods_ARTZecoToolKit_Tests.framework in Frameworks */ = {isa = PBXBuildFile; fileRef = 67CFF70A1C7462B909B1E6AC /* Pods_ARTZecoToolKit_Tests.framework */; };
		BC8CBDE46972C8FF23B47DF8 /* Pods_ARTZecoToolKit_Example.framework in Frameworks */ = {isa = PBXBuildFile; fileRef = 93254949C2F77EC4627A0C8B /* Pods_ARTZecoToolKit_Example.framework */; };
/* End PBXBuildFile section */

/* Begin PBXContainerItemProxy section */
		607FACE61AFB9204008FA782 /* PBXContainerItemProxy */ = {
			isa = PBXContainerItemProxy;
			containerPortal = 607FACC81AFB9204008FA782 /* Project object */;
			proxyType = 1;
			remoteGlobalIDString = 607FACCF1AFB9204008FA782;
			remoteInfo = ARTZecoToolKit;
		};
/* End PBXContainerItemProxy section */

/* Begin PBXFileReference section */
		0209353D2C73EE3A00696C0F /* ARTWebCustomViewController.swift */ = {isa = PBXFileReference; lastKnownFileType = sourcecode.swift; path = ARTWebCustomViewController.swift; sourceTree = "<group>"; };
		0222B4422C35A9F600FA82B7 /* ARTViewController_StartRating.swift */ = {isa = PBXFileReference; lastKnownFileType = sourcecode.swift; path = ARTViewController_StartRating.swift; sourceTree = "<group>"; };
		022E01222C429EB50069BA7A /* CollectionSectionProtocol.swift */ = {isa = PBXFileReference; lastKnownFileType = sourcecode.swift; path = CollectionSectionProtocol.swift; sourceTree = "<group>"; };
		023F976C2C32F5A1009CD62B /* ARTViewController_AlertView.swift */ = {isa = PBXFileReference; lastKnownFileType = sourcecode.swift; path = ARTViewController_AlertView.swift; sourceTree = "<group>"; };
		024F9A4E2C456D50008DF3AB /* ARTViewController_PhotoBrowser.swift */ = {isa = PBXFileReference; lastKnownFileType = sourcecode.swift; path = ARTViewController_PhotoBrowser.swift; sourceTree = "<group>"; };
		0258B7A82BFA845800AEB349 /* 3.png */ = {isa = PBXFileReference; lastKnownFileType = image.png; path = 3.png; sourceTree = "<group>"; };
		0258B7A92BFA845800AEB349 /* 4.png */ = {isa = PBXFileReference; lastKnownFileType = image.png; path = 4.png; sourceTree = "<group>"; };
		0258B7AA2BFA845800AEB349 /* 5.png */ = {isa = PBXFileReference; lastKnownFileType = image.png; path = 5.png; sourceTree = "<group>"; };
		0258B7AE2BFA851400AEB349 /* ARTViewController_VideoPlayer.swift */ = {isa = PBXFileReference; lastKnownFileType = sourcecode.swift; path = ARTViewController_VideoPlayer.swift; sourceTree = "<group>"; };
		0258B7B02BFA862B00AEB349 /* video.MOV */ = {isa = PBXFileReference; lastKnownFileType = video.quicktime; path = video.MOV; sourceTree = "<group>"; };
		0258CA9D2C03995300A486E7 /* ARTViewController_PageViewController.swift */ = {isa = PBXFileReference; lastKnownFileType = sourcecode.swift; path = ARTViewController_PageViewController.swift; sourceTree = "<group>"; };
		025D29972C48459D00F611D6 /* ARTViewController_Carousel.swift */ = {isa = PBXFileReference; lastKnownFileType = sourcecode.swift; path = ARTViewController_Carousel.swift; sourceTree = "<group>"; };
		026A7B6B2C3431AE00D3134E /* ARTViewController_ActionSheet.swift */ = {isa = PBXFileReference; lastKnownFileType = sourcecode.swift; path = ARTViewController_ActionSheet.swift; sourceTree = "<group>"; };
		0282385E2BFDA517007B6A25 /* ARTViewController_AlignmentButton.swift */ = {isa = PBXFileReference; lastKnownFileType = sourcecode.swift; path = ARTViewController_AlignmentButton.swift; sourceTree = "<group>"; };
		0292ECA62C733B7A00D08248 /* ARTViewController+WebView.swift */ = {isa = PBXFileReference; lastKnownFileType = sourcecode.swift; path = "ARTViewController+WebView.swift"; sourceTree = "<group>"; };
		0298808A2C46E3EF00176ED3 /* ARTControllerNavigationBar.swift */ = {isa = PBXFileReference; lastKnownFileType = sourcecode.swift; path = ARTControllerNavigationBar.swift; sourceTree = "<group>"; };
		0298808F2C46E97C00176ED3 /* ARTControllerBottomBar.swift */ = {isa = PBXFileReference; lastKnownFileType = sourcecode.swift; path = ARTControllerBottomBar.swift; sourceTree = "<group>"; };
		02BB292C2C49671100DE706C /* ARTFirstCarouselCell.swift */ = {isa = PBXFileReference; lastKnownFileType = sourcecode.swift; path = ARTFirstCarouselCell.swift; sourceTree = "<group>"; };
		02BB292E2C49673200DE706C /* ARTSecondCarouselCell.swift */ = {isa = PBXFileReference; lastKnownFileType = sourcecode.swift; path = ARTSecondCarouselCell.swift; sourceTree = "<group>"; };
		02C95B402C42700600200438 /* ARTViewController+CollectionView.swift */ = {isa = PBXFileReference; lastKnownFileType = sourcecode.swift; path = "ARTViewController+CollectionView.swift"; sourceTree = "<group>"; };
		02C95B432C42705D00200438 /* ARTCollectionViewModel.swift */ = {isa = PBXFileReference; lastKnownFileType = sourcecode.swift; path = ARTCollectionViewModel.swift; sourceTree = "<group>"; };
		02C95B472C42723500200438 /* ARTCollectionCell.swift */ = {isa = PBXFileReference; lastKnownFileType = sourcecode.swift; path = ARTCollectionCell.swift; sourceTree = "<group>"; };
		02C95B4A2C42725E00200438 /* ARTCollectionHeader.swift */ = {isa = PBXFileReference; lastKnownFileType = sourcecode.swift; path = ARTCollectionHeader.swift; sourceTree = "<group>"; };
		02C95B4C2C42727100200438 /* ARTCollectionFooter.swift */ = {isa = PBXFileReference; lastKnownFileType = sourcecode.swift; path = ARTCollectionFooter.swift; sourceTree = "<group>"; };
		02C95B4F2C42748900200438 /* ARTCollectionEntity.swift */ = {isa = PBXFileReference; lastKnownFileType = sourcecode.swift; path = ARTCollectionEntity.swift; sourceTree = "<group>"; };
		02CD6CFC2C4B313C00193545 /* ARTCarouselEntity.swift */ = {isa = PBXFileReference; lastKnownFileType = sourcecode.swift; path = ARTCarouselEntity.swift; sourceTree = "<group>"; };
		02F8AE262BF66B3D00A111F6 /* 0.png */ = {isa = PBXFileReference; lastKnownFileType = image.png; path = 0.png; sourceTree = "<group>"; };
		02F8AE272BF66B3D00A111F6 /* 2.png */ = {isa = PBXFileReference; lastKnownFileType = image.png; path = 2.png; sourceTree = "<group>"; };
		02F8AE282BF66B3D00A111F6 /* 1.png */ = {isa = PBXFileReference; lastKnownFileType = image.png; path = 1.png; sourceTree = "<group>"; };
		02F8AE292BF66B3E00A111F6 /* area_format_user.json */ = {isa = PBXFileReference; fileEncoding = 4; lastKnownFileType = text.json; path = area_format_user.json; sourceTree = "<group>"; };
		02F8AE2A2BF66B3E00A111F6 /* hot_area_format_user.json */ = {isa = PBXFileReference; fileEncoding = 4; lastKnownFileType = text.json; path = hot_area_format_user.json; sourceTree = "<group>"; };
		02F8AE302BF66BCE00A111F6 /* ARTBaseViewController.swift */ = {isa = PBXFileReference; lastKnownFileType = sourcecode.swift; path = ARTBaseViewController.swift; sourceTree = "<group>"; };
		02F8AE422BF67E7E00A111F6 /* ARTViewController_CitySelector.swift */ = {isa = PBXFileReference; fileEncoding = 4; lastKnownFileType = sourcecode.swift; path = ARTViewController_CitySelector.swift; sourceTree = "<group>"; };
		02F8AE432BF67E7E00A111F6 /* ARTBaseTabBarController.swift */ = {isa = PBXFileReference; fileEncoding = 4; lastKnownFileType = sourcecode.swift; path = ARTBaseTabBarController.swift; sourceTree = "<group>"; };
		02F8AE442BF67E7E00A111F6 /* ARTViewController_CollectionView.swift */ = {isa = PBXFileReference; fileEncoding = 4; lastKnownFileType = sourcecode.swift; path = ARTViewController_CollectionView.swift; sourceTree = "<group>"; };
		02F8AE452BF67E7E00A111F6 /* ARTViewController_SlidePopup.swift */ = {isa = PBXFileReference; fileEncoding = 4; lastKnownFileType = sourcecode.swift; path = ARTViewController_SlidePopup.swift; sourceTree = "<group>"; };
		02F8AE462BF67E7E00A111F6 /* ARTViewController_ScrollView.swift */ = {isa = PBXFileReference; fileEncoding = 4; lastKnownFileType = sourcecode.swift; path = ARTViewController_ScrollView.swift; sourceTree = "<group>"; };
		02F8AE472BF67E7E00A111F6 /* ARTViewController_AlertController.swift */ = {isa = PBXFileReference; fileEncoding = 4; lastKnownFileType = sourcecode.swift; path = ARTViewController_AlertController.swift; sourceTree = "<group>"; };
		02F8AE482BF67E7E00A111F6 /* ARTBaseNavigationController.swift */ = {isa = PBXFileReference; fileEncoding = 4; lastKnownFileType = sourcecode.swift; path = ARTBaseNavigationController.swift; sourceTree = "<group>"; };
		02F8AE492BF67E7E00A111F6 /* ARTViewController_Quantity.swift */ = {isa = PBXFileReference; fileEncoding = 4; lastKnownFileType = sourcecode.swift; path = ARTViewController_Quantity.swift; sourceTree = "<group>"; };
		02F8AE4A2BF67E7E00A111F6 /* ARTViewController_Debug.swift */ = {isa = PBXFileReference; fileEncoding = 4; lastKnownFileType = sourcecode.swift; path = ARTViewController_Debug.swift; sourceTree = "<group>"; };
		02F8AE4B2BF67E7E00A111F6 /* ARTViewController_SlideBar.swift */ = {isa = PBXFileReference; fileEncoding = 4; lastKnownFileType = sourcecode.swift; path = ARTViewController_SlideBar.swift; sourceTree = "<group>"; };
		607FACD01AFB9204008FA782 /* ARTZecoToolKit_Example.app */ = {isa = PBXFileReference; explicitFileType = wrapper.application; includeInIndex = 0; path = ARTZecoToolKit_Example.app; sourceTree = BUILT_PRODUCTS_DIR; };
		607FACD41AFB9204008FA782 /* Info.plist */ = {isa = PBXFileReference; lastKnownFileType = text.plist.xml; path = Info.plist; sourceTree = "<group>"; };
		607FACD51AFB9204008FA782 /* AppDelegate.swift */ = {isa = PBXFileReference; lastKnownFileType = sourcecode.swift; path = AppDelegate.swift; sourceTree = "<group>"; };
		607FACDC1AFB9204008FA782 /* Images.xcassets */ = {isa = PBXFileReference; lastKnownFileType = folder.assetcatalog; path = Images.xcassets; sourceTree = "<group>"; };
		607FACDF1AFB9204008FA782 /* Base */ = {isa = PBXFileReference; lastKnownFileType = file.xib; name = Base; path = Base.lproj/LaunchScreen.xib; sourceTree = "<group>"; };
		607FACE51AFB9204008FA782 /* ARTZecoToolKit_Tests.xctest */ = {isa = PBXFileReference; explicitFileType = wrapper.cfbundle; includeInIndex = 0; path = ARTZecoToolKit_Tests.xctest; sourceTree = BUILT_PRODUCTS_DIR; };
		607FACEA1AFB9204008FA782 /* Info.plist */ = {isa = PBXFileReference; lastKnownFileType = text.plist.xml; path = Info.plist; sourceTree = "<group>"; };
		607FACEB1AFB9204008FA782 /* Tests.swift */ = {isa = PBXFileReference; lastKnownFileType = sourcecode.swift; path = Tests.swift; sourceTree = "<group>"; };
		67CFF70A1C7462B909B1E6AC /* Pods_ARTZecoToolKit_Tests.framework */ = {isa = PBXFileReference; explicitFileType = wrapper.framework; includeInIndex = 0; path = Pods_ARTZecoToolKit_Tests.framework; sourceTree = BUILT_PRODUCTS_DIR; };
		93254949C2F77EC4627A0C8B /* Pods_ARTZecoToolKit_Example.framework */ = {isa = PBXFileReference; explicitFileType = wrapper.framework; includeInIndex = 0; path = Pods_ARTZecoToolKit_Example.framework; sourceTree = BUILT_PRODUCTS_DIR; };
		9A31A08E8F90BA713DC188D7 /* Pods-ARTZecoToolKit_Tests.debug.xcconfig */ = {isa = PBXFileReference; includeInIndex = 1; lastKnownFileType = text.xcconfig; name = "Pods-ARTZecoToolKit_Tests.debug.xcconfig"; path = "Target Support Files/Pods-ARTZecoToolKit_Tests/Pods-ARTZecoToolKit_Tests.debug.xcconfig"; sourceTree = "<group>"; };
		A13A46B6F22885964AF67601 /* ARTZecoToolKit.podspec */ = {isa = PBXFileReference; includeInIndex = 1; lastKnownFileType = text; name = ARTZecoToolKit.podspec; path = ../ARTZecoToolKit.podspec; sourceTree = "<group>"; xcLanguageSpecificationIdentifier = xcode.lang.ruby; };
		A63906680CD7412AF2D3826F /* Pods-ARTZecoToolKit_Example.debug.xcconfig */ = {isa = PBXFileReference; includeInIndex = 1; lastKnownFileType = text.xcconfig; name = "Pods-ARTZecoToolKit_Example.debug.xcconfig"; path = "Target Support Files/Pods-ARTZecoToolKit_Example/Pods-ARTZecoToolKit_Example.debug.xcconfig"; sourceTree = "<group>"; };
		C8E8ADF3319EB4FADAC10D27 /* Pods-ARTZecoToolKit_Tests.release.xcconfig */ = {isa = PBXFileReference; includeInIndex = 1; lastKnownFileType = text.xcconfig; name = "Pods-ARTZecoToolKit_Tests.release.xcconfig"; path = "Target Support Files/Pods-ARTZecoToolKit_Tests/Pods-ARTZecoToolKit_Tests.release.xcconfig"; sourceTree = "<group>"; };
		CB45B7B3F467FA99B0E4C6AD /* LICENSE */ = {isa = PBXFileReference; includeInIndex = 1; lastKnownFileType = text; name = LICENSE; path = ../LICENSE; sourceTree = "<group>"; };
		D8F7423B5C4DB1F56DAB0F07 /* README.md */ = {isa = PBXFileReference; includeInIndex = 1; lastKnownFileType = net.daringfireball.markdown; name = README.md; path = ../README.md; sourceTree = "<group>"; };
		FB62E3843681E50A82325A7C /* Pods-ARTZecoToolKit_Example.release.xcconfig */ = {isa = PBXFileReference; includeInIndex = 1; lastKnownFileType = text.xcconfig; name = "Pods-ARTZecoToolKit_Example.release.xcconfig"; path = "Target Support Files/Pods-ARTZecoToolKit_Example/Pods-ARTZecoToolKit_Example.release.xcconfig"; sourceTree = "<group>"; };
/* End PBXFileReference section */

/* Begin PBXFrameworksBuildPhase section */
		607FACCD1AFB9204008FA782 /* Frameworks */ = {
			isa = PBXFrameworksBuildPhase;
			buildActionMask = 2147483647;
			files = (
				BC8CBDE46972C8FF23B47DF8 /* Pods_ARTZecoToolKit_Example.framework in Frameworks */,
			);
			runOnlyForDeploymentPostprocessing = 0;
		};
		607FACE21AFB9204008FA782 /* Frameworks */ = {
			isa = PBXFrameworksBuildPhase;
			buildActionMask = 2147483647;
			files = (
				A1C9FAD4D0C49DBA793D1525 /* Pods_ARTZecoToolKit_Tests.framework in Frameworks */,
			);
			runOnlyForDeploymentPostprocessing = 0;
		};
/* End PBXFrameworksBuildPhase section */

/* Begin PBXGroup section */
		0209353F2C73F08700696C0F /* WebViewBusiness */ = {
			isa = PBXGroup;
			children = (
				0209353D2C73EE3A00696C0F /* ARTWebCustomViewController.swift */,
			);
			name = WebViewBusiness;
			sourceTree = "<group>";
		};
		022E01242C429EB90069BA7A /* Protocol */ = {
			isa = PBXGroup;
			children = (
				022E01222C429EB50069BA7A /* CollectionSectionProtocol.swift */,
			);
			name = Protocol;
			sourceTree = "<group>";
		};
		0298808C2C46E43000176ED3 /* PhotoBrowserBusiness */ = {
			isa = PBXGroup;
			children = (
				0298808D2C46E44100176ED3 /* View */,
			);
			name = PhotoBrowserBusiness;
			sourceTree = "<group>";
		};
		0298808D2C46E44100176ED3 /* View */ = {
			isa = PBXGroup;
			children = (
				0298808E2C46E44B00176ED3 /* NavigationBar */,
				029880912C46E97F00176ED3 /* BottomBar */,
			);
			name = View;
			sourceTree = "<group>";
		};
		0298808E2C46E44B00176ED3 /* NavigationBar */ = {
			isa = PBXGroup;
			children = (
				0298808A2C46E3EF00176ED3 /* ARTControllerNavigationBar.swift */,
			);
			name = NavigationBar;
			sourceTree = "<group>";
		};
		029880912C46E97F00176ED3 /* BottomBar */ = {
			isa = PBXGroup;
			children = (
				0298808F2C46E97C00176ED3 /* ARTControllerBottomBar.swift */,
			);
			name = BottomBar;
			sourceTree = "<group>";
		};
		02BB29302C49673F00DE706C /* CarouselBusiness */ = {
			isa = PBXGroup;
			children = (
				02BB29312C49674800DE706C /* View */,
				02CD6CFE2C4B313F00193545 /* Entity */,
			);
			name = CarouselBusiness;
			sourceTree = "<group>";
		};
		02BB29312C49674800DE706C /* View */ = {
			isa = PBXGroup;
			children = (
				02BB29322C49675700DE706C /* Cell */,
			);
			name = View;
			sourceTree = "<group>";
		};
		02BB29322C49675700DE706C /* Cell */ = {
			isa = PBXGroup;
			children = (
				02BB292C2C49671100DE706C /* ARTFirstCarouselCell.swift */,
				02BB292E2C49673200DE706C /* ARTSecondCarouselCell.swift */,
			);
			name = Cell;
			sourceTree = "<group>";
		};
		02C95B3F2C426FEA00200438 /* Business */ = {
			isa = PBXGroup;
			children = (
				02F8AE562BF67E8500A111F6 /* BaseBusiness */,
				02C95B422C42700B00200438 /* CollectionViewBusiness */,
				0298808C2C46E43000176ED3 /* PhotoBrowserBusiness */,
				02BB29302C49673F00DE706C /* CarouselBusiness */,
				0209353F2C73F08700696C0F /* WebViewBusiness */,
			);
			name = Business;
			sourceTree = "<group>";
		};
		02C95B422C42700B00200438 /* CollectionViewBusiness */ = {
			isa = PBXGroup;
			children = (
				02C95B462C42707700200438 /* View */,
				02C95B452C42706400200438 /* ViewModel */,
				02C95B512C42748F00200438 /* Entity */,
				022E01242C429EB90069BA7A /* Protocol */,
			);
			name = CollectionViewBusiness;
			sourceTree = "<group>";
		};
		02C95B452C42706400200438 /* ViewModel */ = {
			isa = PBXGroup;
			children = (
				02C95B432C42705D00200438 /* ARTCollectionViewModel.swift */,
			);
			name = ViewModel;
			sourceTree = "<group>";
		};
		02C95B462C42707700200438 /* View */ = {
			isa = PBXGroup;
			children = (
				02C95B402C42700600200438 /* ARTViewController+CollectionView.swift */,
				02C95B492C42723800200438 /* Cell */,
				02C95B4E2C42727500200438 /* ReusableView */,
			);
			name = View;
			sourceTree = "<group>";
		};
		02C95B492C42723800200438 /* Cell */ = {
			isa = PBXGroup;
			children = (
				02C95B472C42723500200438 /* ARTCollectionCell.swift */,
			);
			name = Cell;
			sourceTree = "<group>";
		};
		02C95B4E2C42727500200438 /* ReusableView */ = {
			isa = PBXGroup;
			children = (
				02C95B4A2C42725E00200438 /* ARTCollectionHeader.swift */,
				02C95B4C2C42727100200438 /* ARTCollectionFooter.swift */,
			);
			name = ReusableView;
			sourceTree = "<group>";
		};
		02C95B512C42748F00200438 /* Entity */ = {
			isa = PBXGroup;
			children = (
				02C95B4F2C42748900200438 /* ARTCollectionEntity.swift */,
			);
			name = Entity;
			sourceTree = "<group>";
		};
		02CD6CFE2C4B313F00193545 /* Entity */ = {
			isa = PBXGroup;
			children = (
				02CD6CFC2C4B313C00193545 /* ARTCarouselEntity.swift */,
			);
			name = Entity;
			sourceTree = "<group>";
		};
		02F8AE562BF67E8500A111F6 /* BaseBusiness */ = {
			isa = PBXGroup;
			children = (
				02F8AE302BF66BCE00A111F6 /* ARTBaseViewController.swift */,
				02F8AE482BF67E7E00A111F6 /* ARTBaseNavigationController.swift */,
				02F8AE432BF67E7E00A111F6 /* ARTBaseTabBarController.swift */,
			);
			name = BaseBusiness;
			sourceTree = "<group>";
		};
		607FACC71AFB9204008FA782 = {
			isa = PBXGroup;
			children = (
				607FACF51AFB993E008FA782 /* Podspec Metadata */,
				607FACD21AFB9204008FA782 /* Example for ARTZecoToolKit */,
				607FACE81AFB9204008FA782 /* Tests */,
				607FACD11AFB9204008FA782 /* Products */,
				AA6940E68DEA193E2147EDAA /* Pods */,
				F4B5B313BDA43698F08F6989 /* Frameworks */,
			);
			sourceTree = "<group>";
		};
		607FACD11AFB9204008FA782 /* Products */ = {
			isa = PBXGroup;
			children = (
				607FACD01AFB9204008FA782 /* ARTZecoToolKit_Example.app */,
				607FACE51AFB9204008FA782 /* ARTZecoToolKit_Tests.xctest */,
			);
			name = Products;
			sourceTree = "<group>";
		};
		607FACD21AFB9204008FA782 /* Example for ARTZecoToolKit */ = {
			isa = PBXGroup;
			children = (
				607FACD51AFB9204008FA782 /* AppDelegate.swift */,
				02F8AE4A2BF67E7E00A111F6 /* ARTViewController_Debug.swift */,
				02F8AE442BF67E7E00A111F6 /* ARTViewController_CollectionView.swift */,
				02F8AE462BF67E7E00A111F6 /* ARTViewController_ScrollView.swift */,
				02F8AE422BF67E7E00A111F6 /* ARTViewController_CitySelector.swift */,
				02F8AE472BF67E7E00A111F6 /* ARTViewController_AlertController.swift */,
				02F8AE4B2BF67E7E00A111F6 /* ARTViewController_SlideBar.swift */,
				02F8AE492BF67E7E00A111F6 /* ARTViewController_Quantity.swift */,
				02F8AE452BF67E7E00A111F6 /* ARTViewController_SlidePopup.swift */,
				0258B7AE2BFA851400AEB349 /* ARTViewController_VideoPlayer.swift */,
				0282385E2BFDA517007B6A25 /* ARTViewController_AlignmentButton.swift */,
				0258CA9D2C03995300A486E7 /* ARTViewController_PageViewController.swift */,
				023F976C2C32F5A1009CD62B /* ARTViewController_AlertView.swift */,
				026A7B6B2C3431AE00D3134E /* ARTViewController_ActionSheet.swift */,
				0222B4422C35A9F600FA82B7 /* ARTViewController_StartRating.swift */,
				024F9A4E2C456D50008DF3AB /* ARTViewController_PhotoBrowser.swift */,
				025D29972C48459D00F611D6 /* ARTViewController_Carousel.swift */,
				0292ECA62C733B7A00D08248 /* ARTViewController+WebView.swift */,
				02C95B3F2C426FEA00200438 /* Business */,
				607FACD31AFB9204008FA782 /* Supporting Files */,
			);
			name = "Example for ARTZecoToolKit";
			path = ARTZecoToolKit;
			sourceTree = "<group>";
		};
		607FACD31AFB9204008FA782 /* Supporting Files */ = {
			isa = PBXGroup;
			children = (
				02F8AE262BF66B3D00A111F6 /* 0.png */,
				02F8AE282BF66B3D00A111F6 /* 1.png */,
				02F8AE272BF66B3D00A111F6 /* 2.png */,
				0258B7A82BFA845800AEB349 /* 3.png */,
				0258B7A92BFA845800AEB349 /* 4.png */,
				0258B7AA2BFA845800AEB349 /* 5.png */,
				0258B7B02BFA862B00AEB349 /* video.MOV */,
				02F8AE292BF66B3E00A111F6 /* area_format_user.json */,
				02F8AE2A2BF66B3E00A111F6 /* hot_area_format_user.json */,
				607FACDC1AFB9204008FA782 /* Images.xcassets */,
				607FACDE1AFB9204008FA782 /* LaunchScreen.xib */,
				607FACD41AFB9204008FA782 /* Info.plist */,
			);
			name = "Supporting Files";
			sourceTree = "<group>";
		};
		607FACE81AFB9204008FA782 /* Tests */ = {
			isa = PBXGroup;
			children = (
				607FACEB1AFB9204008FA782 /* Tests.swift */,
				607FACE91AFB9204008FA782 /* Supporting Files */,
			);
			path = Tests;
			sourceTree = "<group>";
		};
		607FACE91AFB9204008FA782 /* Supporting Files */ = {
			isa = PBXGroup;
			children = (
				607FACEA1AFB9204008FA782 /* Info.plist */,
			);
			name = "Supporting Files";
			sourceTree = "<group>";
		};
		607FACF51AFB993E008FA782 /* Podspec Metadata */ = {
			isa = PBXGroup;
			children = (
				A13A46B6F22885964AF67601 /* ARTZecoToolKit.podspec */,
				D8F7423B5C4DB1F56DAB0F07 /* README.md */,
				CB45B7B3F467FA99B0E4C6AD /* LICENSE */,
			);
			name = "Podspec Metadata";
			sourceTree = "<group>";
		};
		AA6940E68DEA193E2147EDAA /* Pods */ = {
			isa = PBXGroup;
			children = (
				A63906680CD7412AF2D3826F /* Pods-ARTZecoToolKit_Example.debug.xcconfig */,
				FB62E3843681E50A82325A7C /* Pods-ARTZecoToolKit_Example.release.xcconfig */,
				9A31A08E8F90BA713DC188D7 /* Pods-ARTZecoToolKit_Tests.debug.xcconfig */,
				C8E8ADF3319EB4FADAC10D27 /* Pods-ARTZecoToolKit_Tests.release.xcconfig */,
			);
			path = Pods;
			sourceTree = "<group>";
		};
		F4B5B313BDA43698F08F6989 /* Frameworks */ = {
			isa = PBXGroup;
			children = (
				93254949C2F77EC4627A0C8B /* Pods_ARTZecoToolKit_Example.framework */,
				67CFF70A1C7462B909B1E6AC /* Pods_ARTZecoToolKit_Tests.framework */,
			);
			name = Frameworks;
			sourceTree = "<group>";
		};
/* End PBXGroup section */

/* Begin PBXNativeTarget section */
		607FACCF1AFB9204008FA782 /* ARTZecoToolKit_Example */ = {
			isa = PBXNativeTarget;
			buildConfigurationList = 607FACEF1AFB9204008FA782 /* Build configuration list for PBXNativeTarget "ARTZecoToolKit_Example" */;
			buildPhases = (
				0B22B629A42AE9CBC3A03E3F /* [CP] Check Pods Manifest.lock */,
				607FACCC1AFB9204008FA782 /* Sources */,
				607FACCD1AFB9204008FA782 /* Frameworks */,
				607FACCE1AFB9204008FA782 /* Resources */,
				150F850CFA09C5A70B9CDE6E /* [CP] Embed Pods Frameworks */,
			);
			buildRules = (
			);
			dependencies = (
			);
			name = ARTZecoToolKit_Example;
			productName = ARTZecoToolKit;
			productReference = 607FACD01AFB9204008FA782 /* ARTZecoToolKit_Example.app */;
			productType = "com.apple.product-type.application";
		};
		607FACE41AFB9204008FA782 /* ARTZecoToolKit_Tests */ = {
			isa = PBXNativeTarget;
			buildConfigurationList = 607FACF21AFB9204008FA782 /* Build configuration list for PBXNativeTarget "ARTZecoToolKit_Tests" */;
			buildPhases = (
				13BB9B7F3DC9E5F9C8C095F3 /* [CP] Check Pods Manifest.lock */,
				607FACE11AFB9204008FA782 /* Sources */,
				607FACE21AFB9204008FA782 /* Frameworks */,
				607FACE31AFB9204008FA782 /* Resources */,
			);
			buildRules = (
			);
			dependencies = (
				607FACE71AFB9204008FA782 /* PBXTargetDependency */,
			);
			name = ARTZecoToolKit_Tests;
			productName = Tests;
			productReference = 607FACE51AFB9204008FA782 /* ARTZecoToolKit_Tests.xctest */;
			productType = "com.apple.product-type.bundle.unit-test";
		};
/* End PBXNativeTarget section */

/* Begin PBXProject section */
		607FACC81AFB9204008FA782 /* Project object */ = {
			isa = PBXProject;
			attributes = {
				LastSwiftUpdateCheck = 0830;
				LastUpgradeCheck = 0830;
				ORGANIZATIONNAME = CocoaPods;
				TargetAttributes = {
					607FACCF1AFB9204008FA782 = {
						CreatedOnToolsVersion = 6.3.1;
						DevelopmentTeam = 875Z28YH6M;
						LastSwiftMigration = 0900;
					};
					607FACE41AFB9204008FA782 = {
						CreatedOnToolsVersion = 6.3.1;
						DevelopmentTeam = 875Z28YH6M;
						LastSwiftMigration = 0900;
						ProvisioningStyle = Automatic;
						TestTargetID = 607FACCF1AFB9204008FA782;
					};
				};
			};
			buildConfigurationList = 607FACCB1AFB9204008FA782 /* Build configuration list for PBXProject "ARTZecoToolKit" */;
			compatibilityVersion = "Xcode 3.2";
			developmentRegion = English;
			hasScannedForEncodings = 0;
			knownRegions = (
				English,
				en,
				Base,
			);
			mainGroup = 607FACC71AFB9204008FA782;
			productRefGroup = 607FACD11AFB9204008FA782 /* Products */;
			projectDirPath = "";
			projectRoot = "";
			targets = (
				607FACCF1AFB9204008FA782 /* ARTZecoToolKit_Example */,
				607FACE41AFB9204008FA782 /* ARTZecoToolKit_Tests */,
			);
		};
/* End PBXProject section */

/* Begin PBXResourcesBuildPhase section */
		607FACCE1AFB9204008FA782 /* Resources */ = {
			isa = PBXResourcesBuildPhase;
			buildActionMask = 2147483647;
			files = (
				0258B7AC2BFA845800AEB349 /* 4.png in Resources */,
				0258B7AD2BFA845800AEB349 /* 5.png in Resources */,
				02F8AE2B2BF66B3E00A111F6 /* 0.png in Resources */,
				02F8AE2F2BF66B3E00A111F6 /* hot_area_format_user.json in Resources */,
				02F8AE2C2BF66B3E00A111F6 /* 2.png in Resources */,
				0258B7AB2BFA845800AEB349 /* 3.png in Resources */,
				0258B7B12BFA862B00AEB349 /* video.MOV in Resources */,
				02F8AE2D2BF66B3E00A111F6 /* 1.png in Resources */,
				607FACE01AFB9204008FA782 /* LaunchScreen.xib in Resources */,
				02F8AE2E2BF66B3E00A111F6 /* area_format_user.json in Resources */,
				607FACDD1AFB9204008FA782 /* Images.xcassets in Resources */,
			);
			runOnlyForDeploymentPostprocessing = 0;
		};
		607FACE31AFB9204008FA782 /* Resources */ = {
			isa = PBXResourcesBuildPhase;
			buildActionMask = 2147483647;
			files = (
			);
			runOnlyForDeploymentPostprocessing = 0;
		};
/* End PBXResourcesBuildPhase section */

/* Begin PBXShellScriptBuildPhase section */
		0B22B629A42AE9CBC3A03E3F /* [CP] Check Pods Manifest.lock */ = {
			isa = PBXShellScriptBuildPhase;
			buildActionMask = 2147483647;
			files = (
			);
			inputFileListPaths = (
			);
			inputPaths = (
				"${PODS_PODFILE_DIR_PATH}/Podfile.lock",
				"${PODS_ROOT}/Manifest.lock",
			);
			name = "[CP] Check Pods Manifest.lock";
			outputFileListPaths = (
			);
			outputPaths = (
				"$(DERIVED_FILE_DIR)/Pods-ARTZecoToolKit_Example-checkManifestLockResult.txt",
			);
			runOnlyForDeploymentPostprocessing = 0;
			shellPath = /bin/sh;
			shellScript = "diff \"${PODS_PODFILE_DIR_PATH}/Podfile.lock\" \"${PODS_ROOT}/Manifest.lock\" > /dev/null\nif [ $? != 0 ] ; then\n    # print error to STDERR\n    echo \"error: The sandbox is not in sync with the Podfile.lock. Run 'pod install' or update your CocoaPods installation.\" >&2\n    exit 1\nfi\n# This output is used by Xcode 'outputs' to avoid re-running this script phase.\necho \"SUCCESS\" > \"${SCRIPT_OUTPUT_FILE_0}\"\n";
			showEnvVarsInLog = 0;
		};
		13BB9B7F3DC9E5F9C8C095F3 /* [CP] Check Pods Manifest.lock */ = {
			isa = PBXShellScriptBuildPhase;
			buildActionMask = 2147483647;
			files = (
			);
			inputFileListPaths = (
			);
			inputPaths = (
				"${PODS_PODFILE_DIR_PATH}/Podfile.lock",
				"${PODS_ROOT}/Manifest.lock",
			);
			name = "[CP] Check Pods Manifest.lock";
			outputFileListPaths = (
			);
			outputPaths = (
				"$(DERIVED_FILE_DIR)/Pods-ARTZecoToolKit_Tests-checkManifestLockResult.txt",
			);
			runOnlyForDeploymentPostprocessing = 0;
			shellPath = /bin/sh;
			shellScript = "diff \"${PODS_PODFILE_DIR_PATH}/Podfile.lock\" \"${PODS_ROOT}/Manifest.lock\" > /dev/null\nif [ $? != 0 ] ; then\n    # print error to STDERR\n    echo \"error: The sandbox is not in sync with the Podfile.lock. Run 'pod install' or update your CocoaPods installation.\" >&2\n    exit 1\nfi\n# This output is used by Xcode 'outputs' to avoid re-running this script phase.\necho \"SUCCESS\" > \"${SCRIPT_OUTPUT_FILE_0}\"\n";
			showEnvVarsInLog = 0;
		};
		150F850CFA09C5A70B9CDE6E /* [CP] Embed Pods Frameworks */ = {
			isa = PBXShellScriptBuildPhase;
			buildActionMask = 2147483647;
			files = (
			);
			inputPaths = (
				"${PODS_ROOT}/Target Support Files/Pods-ARTZecoToolKit_Example/Pods-ARTZecoToolKit_Example-frameworks.sh",
				"${BUILT_PRODUCTS_DIR}/ARTZecoToolKit/ARTZecoToolKit.framework",
				"${BUILT_PRODUCTS_DIR}/SDWebImage/SDWebImage.framework",
				"${BUILT_PRODUCTS_DIR}/SmartCodable/SmartCodable.framework",
				"${BUILT_PRODUCTS_DIR}/SnapKit/SnapKit.framework",
			);
			name = "[CP] Embed Pods Frameworks";
			outputPaths = (
				"${TARGET_BUILD_DIR}/${FRAMEWORKS_FOLDER_PATH}/ARTZecoToolKit.framework",
				"${TARGET_BUILD_DIR}/${FRAMEWORKS_FOLDER_PATH}/SDWebImage.framework",
				"${TARGET_BUILD_DIR}/${FRAMEWORKS_FOLDER_PATH}/SmartCodable.framework",
				"${TARGET_BUILD_DIR}/${FRAMEWORKS_FOLDER_PATH}/SnapKit.framework",
			);
			runOnlyForDeploymentPostprocessing = 0;
			shellPath = /bin/sh;
			shellScript = "\"${PODS_ROOT}/Target Support Files/Pods-ARTZecoToolKit_Example/Pods-ARTZecoToolKit_Example-frameworks.sh\"\n";
			showEnvVarsInLog = 0;
		};
/* End PBXShellScriptBuildPhase section */

/* Begin PBXSourcesBuildPhase section */
		607FACCC1AFB9204008FA782 /* Sources */ = {
			isa = PBXSourcesBuildPhase;
			buildActionMask = 2147483647;
			files = (
				02C95B4D2C42727100200438 /* ARTCollectionFooter.swift in Sources */,
				02CD6CFD2C4B313C00193545 /* ARTCarouselEntity.swift in Sources */,
				0222B4432C35A9F600FA82B7 /* ARTViewController_StartRating.swift in Sources */,
				0209353E2C73EE3A00696C0F /* ARTWebCustomViewController.swift in Sources */,
				02F8AE552BF67E7E00A111F6 /* ARTViewController_SlideBar.swift in Sources */,
				02F8AE502BF67E7E00A111F6 /* ARTViewController_ScrollView.swift in Sources */,
				02F8AE4C2BF67E7E00A111F6 /* ARTViewController_CitySelector.swift in Sources */,
				0258B7AF2BFA851400AEB349 /* ARTViewController_VideoPlayer.swift in Sources */,
				02F8AE4F2BF67E7E00A111F6 /* ARTViewController_SlidePopup.swift in Sources */,
				607FACD61AFB9204008FA782 /* AppDelegate.swift in Sources */,
				0298808B2C46E3EF00176ED3 /* ARTControllerNavigationBar.swift in Sources */,
				02C95B442C42705D00200438 /* ARTCollectionViewModel.swift in Sources */,
				02C95B482C42723500200438 /* ARTCollectionCell.swift in Sources */,
				0292ECA72C733B7A00D08248 /* ARTViewController+WebView.swift in Sources */,
				023F976D2C32F5A1009CD62B /* ARTViewController_AlertView.swift in Sources */,
				02BB292D2C49671100DE706C /* ARTFirstCarouselCell.swift in Sources */,
				026A7B6C2C3431AE00D3134E /* ARTViewController_ActionSheet.swift in Sources */,
				02C95B502C42748900200438 /* ARTCollectionEntity.swift in Sources */,
				02F8AE4D2BF67E7E00A111F6 /* ARTBaseTabBarController.swift in Sources */,
				02F8AE512BF67E7E00A111F6 /* ARTViewController_AlertController.swift in Sources */,
				02F8AE542BF67E7E00A111F6 /* ARTViewController_Debug.swift in Sources */,
				02C95B412C42700600200438 /* ARTViewController+CollectionView.swift in Sources */,
				02F8AE4E2BF67E7E00A111F6 /* ARTViewController_CollectionView.swift in Sources */,
				024F9A4F2C456D50008DF3AB /* ARTViewController_PhotoBrowser.swift in Sources */,
				025D29982C48459D00F611D6 /* ARTViewController_Carousel.swift in Sources */,
				0282385F2BFDA517007B6A25 /* ARTViewController_AlignmentButton.swift in Sources */,
				02F8AE312BF66BCE00A111F6 /* ARTBaseViewController.swift in Sources */,
				02F8AE532BF67E7E00A111F6 /* ARTViewController_Quantity.swift in Sources */,
				02BB292F2C49673200DE706C /* ARTSecondCarouselCell.swift in Sources */,
				02F8AE522BF67E7E00A111F6 /* ARTBaseNavigationController.swift in Sources */,
				029880902C46E97C00176ED3 /* ARTControllerBottomBar.swift in Sources */,
				02C95B4B2C42725E00200438 /* ARTCollectionHeader.swift in Sources */,
				022E01232C429EB50069BA7A /* CollectionSectionProtocol.swift in Sources */,
				0258CA9E2C03995300A486E7 /* ARTViewController_PageViewController.swift in Sources */,
			);
			runOnlyForDeploymentPostprocessing = 0;
		};
		607FACE11AFB9204008FA782 /* Sources */ = {
			isa = PBXSourcesBuildPhase;
			buildActionMask = 2147483647;
			files = (
				607FACEC1AFB9204008FA782 /* Tests.swift in Sources */,
			);
			runOnlyForDeploymentPostprocessing = 0;
		};
/* End PBXSourcesBuildPhase section */

/* Begin PBXTargetDependency section */
		607FACE71AFB9204008FA782 /* PBXTargetDependency */ = {
			isa = PBXTargetDependency;
			target = 607FACCF1AFB9204008FA782 /* ARTZecoToolKit_Example */;
			targetProxy = 607FACE61AFB9204008FA782 /* PBXContainerItemProxy */;
		};
/* End PBXTargetDependency section */

/* Begin PBXVariantGroup section */
		607FACDE1AFB9204008FA782 /* LaunchScreen.xib */ = {
			isa = PBXVariantGroup;
			children = (
				607FACDF1AFB9204008FA782 /* Base */,
			);
			name = LaunchScreen.xib;
			sourceTree = "<group>";
		};
/* End PBXVariantGroup section */

/* Begin XCBuildConfiguration section */
		607FACED1AFB9204008FA782 /* Debug */ = {
			isa = XCBuildConfiguration;
			buildSettings = {
				ALWAYS_SEARCH_USER_PATHS = NO;
				CLANG_CXX_LANGUAGE_STANDARD = "gnu++0x";
				CLANG_CXX_LIBRARY = "libc++";
				CLANG_ENABLE_MODULES = YES;
				CLANG_ENABLE_OBJC_ARC = YES;
				CLANG_WARN_BLOCK_CAPTURE_AUTORELEASING = YES;
				CLANG_WARN_BOOL_CONVERSION = YES;
				CLANG_WARN_COMMA = YES;
				CLANG_WARN_CONSTANT_CONVERSION = YES;
				CLANG_WARN_DIRECT_OBJC_ISA_USAGE = YES_ERROR;
				CLANG_WARN_EMPTY_BODY = YES;
				CLANG_WARN_ENUM_CONVERSION = YES;
				CLANG_WARN_INFINITE_RECURSION = YES;
				CLANG_WARN_INT_CONVERSION = YES;
				CLANG_WARN_NON_LITERAL_NULL_CONVERSION = YES;
				CLANG_WARN_OBJC_LITERAL_CONVERSION = YES;
				CLANG_WARN_OBJC_ROOT_CLASS = YES_ERROR;
				CLANG_WARN_RANGE_LOOP_ANALYSIS = YES;
				CLANG_WARN_STRICT_PROTOTYPES = YES;
				CLANG_WARN_SUSPICIOUS_MOVE = YES;
				CLANG_WARN_UNREACHABLE_CODE = YES;
				CLANG_WARN__DUPLICATE_METHOD_MATCH = YES;
				"CODE_SIGN_IDENTITY[sdk=iphoneos*]" = "iPhone Developer";
				COPY_PHASE_STRIP = NO;
				DEBUG_INFORMATION_FORMAT = "dwarf-with-dsym";
				ENABLE_STRICT_OBJC_MSGSEND = YES;
				ENABLE_TESTABILITY = YES;
				GCC_C_LANGUAGE_STANDARD = gnu99;
				GCC_DYNAMIC_NO_PIC = NO;
				GCC_NO_COMMON_BLOCKS = YES;
				GCC_OPTIMIZATION_LEVEL = 0;
				GCC_PREPROCESSOR_DEFINITIONS = (
					"DEBUG=1",
					"$(inherited)",
				);
				GCC_SYMBOLS_PRIVATE_EXTERN = NO;
				GCC_WARN_64_TO_32_BIT_CONVERSION = YES;
				GCC_WARN_ABOUT_RETURN_TYPE = YES_ERROR;
				GCC_WARN_UNDECLARED_SELECTOR = YES;
				GCC_WARN_UNINITIALIZED_AUTOS = YES_AGGRESSIVE;
				GCC_WARN_UNUSED_FUNCTION = YES;
				GCC_WARN_UNUSED_VARIABLE = YES;
				IPHONEOS_DEPLOYMENT_TARGET = 13.0;
				MTL_ENABLE_DEBUG_INFO = YES;
				ONLY_ACTIVE_ARCH = YES;
				SDKROOT = iphoneos;
				SWIFT_OPTIMIZATION_LEVEL = "-Onone";
			};
			name = Debug;
		};
		607FACEE1AFB9204008FA782 /* Release */ = {
			isa = XCBuildConfiguration;
			buildSettings = {
				ALWAYS_SEARCH_USER_PATHS = NO;
				CLANG_CXX_LANGUAGE_STANDARD = "gnu++0x";
				CLANG_CXX_LIBRARY = "libc++";
				CLANG_ENABLE_MODULES = YES;
				CLANG_ENABLE_OBJC_ARC = YES;
				CLANG_WARN_BLOCK_CAPTURE_AUTORELEASING = YES;
				CLANG_WARN_BOOL_CONVERSION = YES;
				CLANG_WARN_COMMA = YES;
				CLANG_WARN_CONSTANT_CONVERSION = YES;
				CLANG_WARN_DIRECT_OBJC_ISA_USAGE = YES_ERROR;
				CLANG_WARN_EMPTY_BODY = YES;
				CLANG_WARN_ENUM_CONVERSION = YES;
				CLANG_WARN_INFINITE_RECURSION = YES;
				CLANG_WARN_INT_CONVERSION = YES;
				CLANG_WARN_NON_LITERAL_NULL_CONVERSION = YES;
				CLANG_WARN_OBJC_LITERAL_CONVERSION = YES;
				CLANG_WARN_OBJC_ROOT_CLASS = YES_ERROR;
				CLANG_WARN_RANGE_LOOP_ANALYSIS = YES;
				CLANG_WARN_STRICT_PROTOTYPES = YES;
				CLANG_WARN_SUSPICIOUS_MOVE = YES;
				CLANG_WARN_UNREACHABLE_CODE = YES;
				CLANG_WARN__DUPLICATE_METHOD_MATCH = YES;
				"CODE_SIGN_IDENTITY[sdk=iphoneos*]" = "iPhone Developer";
				COPY_PHASE_STRIP = NO;
				DEBUG_INFORMATION_FORMAT = "dwarf-with-dsym";
				ENABLE_NS_ASSERTIONS = NO;
				ENABLE_STRICT_OBJC_MSGSEND = YES;
				GCC_C_LANGUAGE_STANDARD = gnu99;
				GCC_NO_COMMON_BLOCKS = YES;
				GCC_WARN_64_TO_32_BIT_CONVERSION = YES;
				GCC_WARN_ABOUT_RETURN_TYPE = YES_ERROR;
				GCC_WARN_UNDECLARED_SELECTOR = YES;
				GCC_WARN_UNINITIALIZED_AUTOS = YES_AGGRESSIVE;
				GCC_WARN_UNUSED_FUNCTION = YES;
				GCC_WARN_UNUSED_VARIABLE = YES;
				IPHONEOS_DEPLOYMENT_TARGET = 13.0;
				MTL_ENABLE_DEBUG_INFO = NO;
				SDKROOT = iphoneos;
				SWIFT_OPTIMIZATION_LEVEL = "-Owholemodule";
				VALIDATE_PRODUCT = YES;
			};
			name = Release;
		};
		607FACF01AFB9204008FA782 /* Debug */ = {
			isa = XCBuildConfiguration;
			baseConfigurationReference = A63906680CD7412AF2D3826F /* Pods-ARTZecoToolKit_Example.debug.xcconfig */;
			buildSettings = {
				ASSETCATALOG_COMPILER_APPICON_NAME = AppIcon;
				DEVELOPMENT_TEAM = 875Z28YH6M;
				INFOPLIST_FILE = ARTZecoToolKit/Info.plist;
				IPHONEOS_DEPLOYMENT_TARGET = 13.0;
				LD_RUNPATH_SEARCH_PATHS = "$(inherited) @executable_path/Frameworks";
				MODULE_NAME = ExampleApp;
				PRODUCT_BUNDLE_IDENTIFIER = com.wxfz.zeco;
				PRODUCT_NAME = "$(TARGET_NAME)";
				SWIFT_SWIFT3_OBJC_INFERENCE = Default;
				SWIFT_VERSION = 5.0;
			};
			name = Debug;
		};
		607FACF11AFB9204008FA782 /* Release */ = {
			isa = XCBuildConfiguration;
			baseConfigurationReference = FB62E3843681E50A82325A7C /* Pods-ARTZecoToolKit_Example.release.xcconfig */;
			buildSettings = {
				ASSETCATALOG_COMPILER_APPICON_NAME = AppIcon;
				DEVELOPMENT_TEAM = 875Z28YH6M;
				INFOPLIST_FILE = ARTZecoToolKit/Info.plist;
				IPHONEOS_DEPLOYMENT_TARGET = 13.0;
				LD_RUNPATH_SEARCH_PATHS = "$(inherited) @executable_path/Frameworks";
				MODULE_NAME = ExampleApp;
				PRODUCT_BUNDLE_IDENTIFIER = com.wxfz.zeco;
				PRODUCT_NAME = "$(TARGET_NAME)";
				SWIFT_SWIFT3_OBJC_INFERENCE = Default;
				SWIFT_VERSION = 5.0;
			};
			name = Release;
		};
		607FACF31AFB9204008FA782 /* Debug */ = {
			isa = XCBuildConfiguration;
			baseConfigurationReference = 9A31A08E8F90BA713DC188D7 /* Pods-ARTZecoToolKit_Tests.debug.xcconfig */;
			buildSettings = {
				CODE_SIGN_IDENTITY = "Apple Development";
				CODE_SIGN_STYLE = Automatic;
				DEVELOPMENT_TEAM = 875Z28YH6M;
				FRAMEWORK_SEARCH_PATHS = (
					"$(PLATFORM_DIR)/Developer/Library/Frameworks",
					"$(inherited)",
				);
				GCC_PREPROCESSOR_DEFINITIONS = (
					"DEBUG=1",
					"$(inherited)",
				);
				INFOPLIST_FILE = Tests/Info.plist;
				LD_RUNPATH_SEARCH_PATHS = "$(inherited) @executable_path/Frameworks @loader_path/Frameworks";
				PRODUCT_BUNDLE_IDENTIFIER = com.wxfz.zeco;
				PRODUCT_NAME = "$(TARGET_NAME)";
				PROVISIONING_PROFILE_SPECIFIER = "";
				SWIFT_SWIFT3_OBJC_INFERENCE = Default;
				SWIFT_VERSION = 5.0;
				TEST_HOST = "$(BUILT_PRODUCTS_DIR)/ARTZecoToolKit_Example.app/ARTZecoToolKit_Example";
			};
			name = Debug;
		};
		607FACF41AFB9204008FA782 /* Release */ = {
			isa = XCBuildConfiguration;
			baseConfigurationReference = C8E8ADF3319EB4FADAC10D27 /* Pods-ARTZecoToolKit_Tests.release.xcconfig */;
			buildSettings = {
				CODE_SIGN_IDENTITY = "Apple Development";
				CODE_SIGN_STYLE = Automatic;
				DEVELOPMENT_TEAM = 875Z28YH6M;
				FRAMEWORK_SEARCH_PATHS = (
					"$(PLATFORM_DIR)/Developer/Library/Frameworks",
					"$(inherited)",
				);
				INFOPLIST_FILE = Tests/Info.plist;
				LD_RUNPATH_SEARCH_PATHS = "$(inherited) @executable_path/Frameworks @loader_path/Frameworks";
				PRODUCT_BUNDLE_IDENTIFIER = com.wxfz.zeco;
				PRODUCT_NAME = "$(TARGET_NAME)";
				PROVISIONING_PROFILE_SPECIFIER = "";
				SWIFT_SWIFT3_OBJC_INFERENCE = Default;
				SWIFT_VERSION = 5.0;
				TEST_HOST = "$(BUILT_PRODUCTS_DIR)/ARTZecoToolKit_Example.app/ARTZecoToolKit_Example";
			};
			name = Release;
		};
/* End XCBuildConfiguration section */

/* Begin XCConfigurationList section */
		607FACCB1AFB9204008FA782 /* Build configuration list for PBXProject "ARTZecoToolKit" */ = {
			isa = XCConfigurationList;
			buildConfigurations = (
				607FACED1AFB9204008FA782 /* Debug */,
				607FACEE1AFB9204008FA782 /* Release */,
			);
			defaultConfigurationIsVisible = 0;
			defaultConfigurationName = Release;
		};
		607FACEF1AFB9204008FA782 /* Build configuration list for PBXNativeTarget "ARTZecoToolKit_Example" */ = {
			isa = XCConfigurationList;
			buildConfigurations = (
				607FACF01AFB9204008FA782 /* Debug */,
				607FACF11AFB9204008FA782 /* Release */,
			);
			defaultConfigurationIsVisible = 0;
			defaultConfigurationName = Release;
		};
		607FACF21AFB9204008FA782 /* Build configuration list for PBXNativeTarget "ARTZecoToolKit_Tests" */ = {
			isa = XCConfigurationList;
			buildConfigurations = (
				607FACF31AFB9204008FA782 /* Debug */,
				607FACF41AFB9204008FA782 /* Release */,
			);
			defaultConfigurationIsVisible = 0;
			defaultConfigurationName = Release;
		};
/* End XCConfigurationList section */
	};
	rootObject = 607FACC81AFB9204008FA782 /* Project object */;
}
